
Microsoft Visual Studio Solution File, Format Version 12.00
# Visual Studio Version 16
Project("{8BC9CEB8-8B4A-11D0-8D11-00A0C91BC942}") = "ALL_BUILD", "ALL_BUILD.vcxproj", "{FB2D0288-0569-3C10-A335-CE11A0CBD86E}"
	ProjectSection(ProjectDependencies) = postProject
		{3EBC8DD1-928F-3250-B1EB-FDC9E9ACB7A7} = {3EBC8DD1-928F-3250-B1EB-FDC9E9ACB7A7}
		{DE0EFB36-80B8-32E2-AEA4-E17E71957DFA} = {DE0EFB36-80B8-32E2-AEA4-E17E71957DFA}
		{EF8FBED4-2A72-3D29-B061-F75A8E3336A4} = {EF8FBED4-2A72-3D29-B061-F75A8E3336A4}
		{B4AE6F74-6AA7-33F3-96DA-3C80357AC457} = {B4AE6F74-6AA7-33F3-96DA-3C80357AC457}
		{C7FA30A1-F5C0-39D6-92B0-B9E28B6A74B5} = {C7FA30A1-F5C0-39D6-92B0-B9E28B6A74B5}
		{AFB0464E-9120-3933-96CA-8ACE4F490C39} = {AFB0464E-9120-3933-96CA-8ACE4F490C39}
		{08E8F0BD-E4A2-3BF6-8E7B-C48D6DEA1B26} = {08E8F0BD-E4A2-3BF6-8E7B-C48D6DEA1B26}
		{9444CA8C-1B97-34A6-821D-E3AFC6E05708} = {9444CA8C-1B97-34A6-821D-E3AFC6E05708}
		{96AAA65D-D104-3F76-BA33-D216DB3FD5DD} = {96AAA65D-D104-3F76-BA33-D216DB3FD5DD}
		{DD714E6C-0057-32F7-972A-C4297BED21B3} = {DD714E6C-0057-32F7-972A-C4297BED21B3}
		{4A368D65-02EE-30A5-B809-DB5B32B4466E} = {4A368D65-02EE-30A5-B809-DB5B32B4466E}
		{48C73E31-8A7E-3377-921B-A9B9EC87B5FF} = {48C73E31-8A7E-3377-921B-A9B9EC87B5FF}
		{A71879D5-095B-39A0-85F4-CCD2DDCCD997} = {A71879D5-095B-39A0-85F4-CCD2DDCCD997}
		{04DA603B-5CFD-33B1-97FB-D87D028200D6} = {04DA603B-5CFD-33B1-97FB-D87D028200D6}
		{71321642-0DE5-3C30-B366-22AA204D6B1B} = {71321642-0DE5-3C30-B366-22AA204D6B1B}
		{FF4A2CFD-0D69-3C9B-8433-E2AA9DF563D1} = {FF4A2CFD-0D69-3C9B-8433-E2AA9DF563D1}
		{B5E29D34-5089-3BAA-BA13-BC9C508F0F28} = {B5E29D34-5089-3BAA-BA13-BC9C508F0F28}
		{F70225A5-D1D7-3BBC-960B-3DA4D1FC3362} = {F70225A5-D1D7-3BBC-960B-3DA4D1FC3362}
		{3BA2C9EA-454F-3F71-9B5B-22C861D9C799} = {3BA2C9EA-454F-3F71-9B5B-22C861D9C799}
		{1517975C-5E0A-3D29-A8E1-977E16BA1D2D} = {1517975C-5E0A-3D29-A8E1-977E16BA1D2D}
		{F8C99448-672A-32FE-9E0E-B8E1C0807172} = {F8C99448-672A-32FE-9E0E-B8E1C0807172}
		{A73FD2B7-F5E0-3035-A2B0-3DA4A7BC0117} = {A73FD2B7-F5E0-3035-A2B0-3DA4A7BC0117}
		{E91F7879-5184-3641-AC15-E75B63BE02BB} = {E91F7879-5184-3641-AC15-E75B63BE02BB}
		{624A96C2-7EEA-3E18-AF45-3EC77575DE74} = {624A96C2-7EEA-3E18-AF45-3EC77575DE74}
		{F4AB3610-EBCB-3B34-A4FE-21363505919B} = {F4AB3610-EBCB-3B34-A4FE-21363505919B}
		{DB4705F7-ECEB-3436-8A2F-A72B34FC2640} = {DB4705F7-ECEB-3436-8A2F-A72B34FC2640}
		{87D4F9AA-E875-353A-9C57-BE218CE1D990} = {87D4F9AA-E875-353A-9C57-BE218CE1D990}
		{7BAAF412-52DB-3A2F-8B4B-7497701BB674} = {7BAAF412-52DB-3A2F-8B4B-7497701BB674}
		{FED9C6FB-4124-3879-9608-402A6EB6C44D} = {FED9C6FB-4124-3879-9608-402A6EB6C44D}
		{16FDB916-272D-3B03-8CB0-83641A6B0763} = {16FDB916-272D-3B03-8CB0-83641A6B0763}
		{0A90F55C-AEBC-3429-8ACA-01DF3342395B} = {0A90F55C-AEBC-3429-8ACA-01DF3342395B}
		{D99A3957-A3FD-39B2-B18D-65D1FB6AF414} = {D99A3957-A3FD-39B2-B18D-65D1FB6AF414}
		{8782A35F-FEF4-3249-8F34-91961513E1DC} = {8782A35F-FEF4-3249-8F34-91961513E1DC}
		{F9C59756-0E4F-3622-B5FC-2634A82360F2} = {F9C59756-0E4F-3622-B5FC-2634A82360F2}
		{CAC14685-BB72-3A21-B1D2-E98C3D120E75} = {CAC14685-BB72-3A21-B1D2-E98C3D120E75}
		{6A7B62C8-FC65-3C63-9298-57694D80F78F} = {6A7B62C8-FC65-3C63-9298-57694D80F78F}
		{D848FDC8-6EB7-3E54-A783-2810F3371622} = {D848FDC8-6EB7-3E54-A783-2810F3371622}
		{D6F0CD56-0CE0-31A4-884B-2AA19E0607EA} = {D6F0CD56-0CE0-31A4-884B-2AA19E0607EA}
		{548B9C50-FF1A-3AC9-A445-74CA39D88B35} = {548B9C50-FF1A-3AC9-A445-74CA39D88B35}
		{6A4E681B-3EF0-3FB0-978E-FB3A0991F3E3} = {6A4E681B-3EF0-3FB0-978E-FB3A0991F3E3}
		{A9B33ABF-D500-35B4-98F2-C304AA87B876} = {A9B33ABF-D500-35B4-98F2-C304AA87B876}
		{37839768-F231-3697-BFE5-F81C6AF764C7} = {37839768-F231-3697-BFE5-F81C6AF764C7}
		{CDF28B1A-EADC-3292-B43F-C7A75AD0E68F} = {CDF28B1A-EADC-3292-B43F-C7A75AD0E68F}
		{5EBA8906-3543-312D-BCB7-66045F3578F1} = {5EBA8906-3543-312D-BCB7-66045F3578F1}
		{9E6B926A-BFA9-3188-9E61-CFD6544677C1} = {9E6B926A-BFA9-3188-9E61-CFD6544677C1}
		{7A5D3AD6-8F91-33D9-8E3F-6F5942CDF729} = {7A5D3AD6-8F91-33D9-8E3F-6F5942CDF729}
		{5AA4C4BA-BFE5-3BAB-85AE-7871B3907546} = {5AA4C4BA-BFE5-3BAB-85AE-7871B3907546}
		{0A50603C-986C-3D41-B372-D7726E7DC4F4} = {0A50603C-986C-3D41-B372-D7726E7DC4F4}
		{344DF73D-DA2E-3290-B946-1A600BAB0D70} = {344DF73D-DA2E-3290-B946-1A600BAB0D70}
		{92F4EC35-08F0-3D65-B796-5BA96FCB5715} = {92F4EC35-08F0-3D65-B796-5BA96FCB5715}
		{42B1C085-F015-3F73-8B36-C80166F27C83} = {42B1C085-F015-3F73-8B36-C80166F27C83}
		{AEF61D6A-4C0E-3F59-971D-FF0F98BEA129} = {AEF61D6A-4C0E-3F59-971D-FF0F98BEA129}
		{2F3F8BCE-34A2-3171-9DEE-01E0889BB5EE} = {2F3F8BCE-34A2-3171-9DEE-01E0889BB5EE}
		{2F61048D-A323-365A-BE24-4AA38A8AF6B0} = {2F61048D-A323-365A-BE24-4AA38A8AF6B0}
		{0E2A9201-C38B-38E4-A835-46A16174B855} = {0E2A9201-C38B-38E4-A835-46A16174B855}
		{4352955C-74FC-3EE9-B91A-4B5722465078} = {4352955C-74FC-3EE9-B91A-4B5722465078}
		{71877CDA-0294-396E-B7C2-72F19E22C820} = {71877CDA-0294-396E-B7C2-72F19E22C820}
		{26C897AD-C1DC-3BAF-ADFC-0E32727E333B} = {26C897AD-C1DC-3BAF-ADFC-0E32727E333B}
		{7E1E288C-8456-3EB5-B016-13E9275C4287} = {7E1E288C-8456-3EB5-B016-13E9275C4287}
		{EBEA7DA5-4A71-3F62-AABB-D16409BAE479} = {EBEA7DA5-4A71-3F62-AABB-D16409BAE479}
		{9E07009F-C2F0-3144-BD5C-B6EB50F91A73} = {9E07009F-C2F0-3144-BD5C-B6EB50F91A73}
		{5F6BFC45-86E6-315E-B058-BAF0DAFE7438} = {5F6BFC45-86E6-315E-B058-BAF0DAFE7438}
		{CCB97306-FDA5-3CA3-AB28-196512669B68} = {CCB97306-FDA5-3CA3-AB28-196512669B68}
		{48130DB3-E079-3C48-9F02-A6330144BC13} = {48130DB3-E079-3C48-9F02-A6330144BC13}
		{B46079ED-8501-3A38-8616-F5936A02AF84} = {B46079ED-8501-3A38-8616-F5936A02AF84}
		{47775FBD-4BBD-3D28-BF33-CFE7B9FA9B63} = {47775FBD-4BBD-3D28-BF33-CFE7B9FA9B63}
		{D31FDC00-D694-321C-BC70-3C159D35590A} = {D31FDC00-D694-321C-BC70-3C159D35590A}
		{206D1122-AB3F-352E-8408-52D594BE396F} = {206D1122-AB3F-352E-8408-52D594BE396F}
	EndProjectSection
EndProject
Project("{8BC9CEB8-8B4A-11D0-8D11-00A0C91BC942}") = "Continuous", "Continuous.vcxproj", "{3BAFD6E1-B2EE-34D3-98E5-8F83DD42D1C8}"
	ProjectSection(ProjectDependencies) = postProject
	EndProjectSection
EndProject
Project("{8BC9CEB8-8B4A-11D0-8D11-00A0C91BC942}") = "Experimental", "Experimental.vcxproj", "{C38A5F30-ECAE-3EC5-A863-649F529837CE}"
	ProjectSection(ProjectDependencies) = postProject
	EndProjectSection
EndProject
Project("{8BC9CEB8-8B4A-11D0-8D11-00A0C91BC942}") = "INSTALL", "INSTALL.vcxproj", "{E3F417F6-C015-3086-8C42-B515DA397CEA}"
	ProjectSection(ProjectDependencies) = postProject
		{FB2D0288-0569-3C10-A335-CE11A0CBD86E} = {FB2D0288-0569-3C10-A335-CE11A0CBD86E}
	EndProjectSection
EndProject
Project("{8BC9CEB8-8B4A-11D0-8D11-00A0C91BC942}") = "Nightly", "Nightly.vcxproj", "{44F1C7CD-705F-3705-A636-6E0F5A70333D}"
	ProjectSection(ProjectDependencies) = postProject
	EndProjectSection
EndProject
Project("{8BC9CEB8-8B4A-11D0-8D11-00A0C91BC942}") = "NightlyMemoryCheck", "NightlyMemoryCheck.vcxproj", "{5368ACBC-4C73-346E-8A0C-308E8C4B11C8}"
	ProjectSection(ProjectDependencies) = postProject
	EndProjectSection
EndProject
Project("{8BC9CEB8-8B4A-11D0-8D11-00A0C91BC942}") = "RUN_TESTS", "RUN_TESTS.vcxproj", "{B6EA1D40-3C5F-3889-B9C5-B8DD529038D0}"
	ProjectSection(ProjectDependencies) = postProject
	EndProjectSection
EndProject
Project("{8BC9CEB8-8B4A-11D0-8D11-00A0C91BC942}") = "absolutetimedateformattestcase", "src\test\cpp\helpers\absolutetimedateformattestcase.vcxproj", "{3EBC8DD1-928F-3250-B1EB-FDC9E9ACB7A7}"
	ProjectSection(ProjectDependencies) = postProject
		{0A90F55C-AEBC-3429-8ACA-01DF3342395B} = {0A90F55C-AEBC-3429-8ACA-01DF3342395B}
		{7E1E288C-8456-3EB5-B016-13E9275C4287} = {7E1E288C-8456-3EB5-B016-13E9275C4287}
		{EBEA7DA5-4A71-3F62-AABB-D16409BAE479} = {EBEA7DA5-4A71-3F62-AABB-D16409BAE479}
	EndProjectSection
EndProject
Project("{8BC9CEB8-8B4A-11D0-8D11-00A0C91BC942}") = "asyncappendertestcase", "src\test\cpp\asyncappendertestcase.vcxproj", "{DE0EFB36-80B8-32E2-AEA4-E17E71957DFA}"
	ProjectSection(ProjectDependencies) = postProject
		{0A90F55C-AEBC-3429-8ACA-01DF3342395B} = {0A90F55C-AEBC-3429-8ACA-01DF3342395B}
		{7E1E288C-8456-3EB5-B016-13E9275C4287} = {7E1E288C-8456-3EB5-B016-13E9275C4287}
		{EBEA7DA5-4A71-3F62-AABB-D16409BAE479} = {EBEA7DA5-4A71-3F62-AABB-D16409BAE479}
	EndProjectSection
EndProject
Project("{8BC9CEB8-8B4A-11D0-8D11-00A0C91BC942}") = "cacheddateformattestcase", "src\test\cpp\helpers\cacheddateformattestcase.vcxproj", "{EF8FBED4-2A72-3D29-B061-F75A8E3336A4}"
	ProjectSection(ProjectDependencies) = postProject
		{0A90F55C-AEBC-3429-8ACA-01DF3342395B} = {0A90F55C-AEBC-3429-8ACA-01DF3342395B}
		{7E1E288C-8456-3EB5-B016-13E9275C4287} = {7E1E288C-8456-3EB5-B016-13E9275C4287}
		{EBEA7DA5-4A71-3F62-AABB-D16409BAE479} = {EBEA7DA5-4A71-3F62-AABB-D16409BAE479}
	EndProjectSection
EndProject
Project("{8BC9CEB8-8B4A-11D0-8D11-00A0C91BC942}") = "charsetdecodertestcase", "src\test\cpp\helpers\charsetdecodertestcase.vcxproj", "{B4AE6F74-6AA7-33F3-96DA-3C80357AC457}"
	ProjectSection(ProjectDependencies) = postProject
		{0A90F55C-AEBC-3429-8ACA-01DF3342395B} = {0A90F55C-AEBC-3429-8ACA-01DF3342395B}
		{7E1E288C-8456-3EB5-B016-13E9275C4287} = {7E1E288C-8456-3EB5-B016-13E9275C4287}
		{EBEA7DA5-4A71-3F62-AABB-D16409BAE479} = {EBEA7DA5-4A71-3F62-AABB-D16409BAE479}
	EndProjectSection
EndProject
Project("{8BC9CEB8-8B4A-11D0-8D11-00A0C91BC942}") = "charsetencodertestcase", "src\test\cpp\helpers\charsetencodertestcase.vcxproj", "{C7FA30A1-F5C0-39D6-92B0-B9E28B6A74B5}"
	ProjectSection(ProjectDependencies) = postProject
		{0A90F55C-AEBC-3429-8ACA-01DF3342395B} = {0A90F55C-AEBC-3429-8ACA-01DF3342395B}
		{7E1E288C-8456-3EB5-B016-13E9275C4287} = {7E1E288C-8456-3EB5-B016-13E9275C4287}
		{EBEA7DA5-4A71-3F62-AABB-D16409BAE479} = {EBEA7DA5-4A71-3F62-AABB-D16409BAE479}
	EndProjectSection
EndProject
Project("{8BC9CEB8-8B4A-11D0-8D11-00A0C91BC942}") = "configure_log4cxx", "src\main\include\configure_log4cxx.vcxproj", "{23E612C1-768A-3B07-8A57-43F1373BDC9A}"
	ProjectSection(ProjectDependencies) = postProject
	EndProjectSection
EndProject
Project("{8BC9CEB8-8B4A-11D0-8D11-00A0C91BC942}") = "console", "src\examples\cpp\console.vcxproj", "{AFB0464E-9120-3933-96CA-8ACE4F490C39}"
	ProjectSection(ProjectDependencies) = postProject
		{0A90F55C-AEBC-3429-8ACA-01DF3342395B} = {0A90F55C-AEBC-3429-8ACA-01DF3342395B}
	EndProjectSection
EndProject
Project("{8BC9CEB8-8B4A-11D0-8D11-00A0C91BC942}") = "consoleappendertestcase", "src\test\cpp\consoleappendertestcase.vcxproj", "{08E8F0BD-E4A2-3BF6-8E7B-C48D6DEA1B26}"
	ProjectSection(ProjectDependencies) = postProject
		{0A90F55C-AEBC-3429-8ACA-01DF3342395B} = {0A90F55C-AEBC-3429-8ACA-01DF3342395B}
		{7E1E288C-8456-3EB5-B016-13E9275C4287} = {7E1E288C-8456-3EB5-B016-13E9275C4287}
		{EBEA7DA5-4A71-3F62-AABB-D16409BAE479} = {EBEA7DA5-4A71-3F62-AABB-D16409BAE479}
	EndProjectSection
EndProject
Project("{8BC9CEB8-8B4A-11D0-8D11-00A0C91BC942}") = "cyclicbuffertestcase", "src\test\cpp\helpers\cyclicbuffertestcase.vcxproj", "{9444CA8C-1B97-34A6-821D-E3AFC6E05708}"
	ProjectSection(ProjectDependencies) = postProject
		{0A90F55C-AEBC-3429-8ACA-01DF3342395B} = {0A90F55C-AEBC-3429-8ACA-01DF3342395B}
		{7E1E288C-8456-3EB5-B016-13E9275C4287} = {7E1E288C-8456-3EB5-B016-13E9275C4287}
		{EBEA7DA5-4A71-3F62-AABB-D16409BAE479} = {EBEA7DA5-4A71-3F62-AABB-D16409BAE479}
	EndProjectSection
EndProject
Project("{8BC9CEB8-8B4A-11D0-8D11-00A0C91BC942}") = "datetimedateformattestcase", "src\test\cpp\helpers\datetimedateformattestcase.vcxproj", "{96AAA65D-D104-3F76-BA33-D216DB3FD5DD}"
	ProjectSection(ProjectDependencies) = postProject
		{0A90F55C-AEBC-3429-8ACA-01DF3342395B} = {0A90F55C-AEBC-3429-8ACA-01DF3342395B}
		{7E1E288C-8456-3EB5-B016-13E9275C4287} = {7E1E288C-8456-3EB5-B016-13E9275C4287}
		{EBEA7DA5-4A71-3F62-AABB-D16409BAE479} = {EBEA7DA5-4A71-3F62-AABB-D16409BAE479}
	EndProjectSection
EndProject
Project("{8BC9CEB8-8B4A-11D0-8D11-00A0C91BC942}") = "decodingtest", "src\test\cpp\decodingtest.vcxproj", "{DD714E6C-0057-32F7-972A-C4297BED21B3}"
	ProjectSection(ProjectDependencies) = postProject
		{0A90F55C-AEBC-3429-8ACA-01DF3342395B} = {0A90F55C-AEBC-3429-8ACA-01DF3342395B}
		{7E1E288C-8456-3EB5-B016-13E9275C4287} = {7E1E288C-8456-3EB5-B016-13E9275C4287}
		{EBEA7DA5-4A71-3F62-AABB-D16409BAE479} = {EBEA7DA5-4A71-3F62-AABB-D16409BAE479}
	EndProjectSection
EndProject
Project("{8BC9CEB8-8B4A-11D0-8D11-00A0C91BC942}") = "defaultinittestcase", "src\test\cpp\defaultinit\defaultinittestcase.vcxproj", "{4A368D65-02EE-30A5-B809-DB5B32B4466E}"
	ProjectSection(ProjectDependencies) = postProject
		{0A90F55C-AEBC-3429-8ACA-01DF3342395B} = {0A90F55C-AEBC-3429-8ACA-01DF3342395B}
		{7E1E288C-8456-3EB5-B016-13E9275C4287} = {7E1E288C-8456-3EB5-B016-13E9275C4287}
		{EBEA7DA5-4A71-3F62-AABB-D16409BAE479} = {EBEA7DA5-4A71-3F62-AABB-D16409BAE479}
	EndProjectSection
EndProject
Project("{8BC9CEB8-8B4A-11D0-8D11-00A0C91BC942}") = "delayedloop", "src\examples\cpp\delayedloop.vcxproj", "{48C73E31-8A7E-3377-921B-A9B9EC87B5FF}"
	ProjectSection(ProjectDependencies) = postProject
		{0A90F55C-AEBC-3429-8ACA-01DF3342395B} = {0A90F55C-AEBC-3429-8ACA-01DF3342395B}
	EndProjectSection
EndProject
Project("{8BC9CEB8-8B4A-11D0-8D11-00A0C91BC942}") = "encodingtest", "src\test\cpp\encodingtest.vcxproj", "{A71879D5-095B-39A0-85F4-CCD2DDCCD997}"
	ProjectSection(ProjectDependencies) = postProject
		{0A90F55C-AEBC-3429-8ACA-01DF3342395B} = {0A90F55C-AEBC-3429-8ACA-01DF3342395B}
		{7E1E288C-8456-3EB5-B016-13E9275C4287} = {7E1E288C-8456-3EB5-B016-13E9275C4287}
		{EBEA7DA5-4A71-3F62-AABB-D16409BAE479} = {EBEA7DA5-4A71-3F62-AABB-D16409BAE479}
	EndProjectSection
EndProject
Project("{8BC9CEB8-8B4A-11D0-8D11-00A0C91BC942}") = "errorhandlertestcase", "src\test\cpp\varia\errorhandlertestcase.vcxproj", "{04DA603B-5CFD-33B1-97FB-D87D028200D6}"
	ProjectSection(ProjectDependencies) = postProject
		{0A90F55C-AEBC-3429-8ACA-01DF3342395B} = {0A90F55C-AEBC-3429-8ACA-01DF3342395B}
		{7E1E288C-8456-3EB5-B016-13E9275C4287} = {7E1E288C-8456-3EB5-B016-13E9275C4287}
		{EBEA7DA5-4A71-3F62-AABB-D16409BAE479} = {EBEA7DA5-4A71-3F62-AABB-D16409BAE479}
	EndProjectSection
EndProject
Project("{8BC9CEB8-8B4A-11D0-8D11-00A0C91BC942}") = "eventlogtests", "src\test\cpp\nt\eventlogtests.vcxproj", "{71321642-0DE5-3C30-B366-22AA204D6B1B}"
	ProjectSection(ProjectDependencies) = postProject
		{0A90F55C-AEBC-3429-8ACA-01DF3342395B} = {0A90F55C-AEBC-3429-8ACA-01DF3342395B}
		{7E1E288C-8456-3EB5-B016-13E9275C4287} = {7E1E288C-8456-3EB5-B016-13E9275C4287}
		{EBEA7DA5-4A71-3F62-AABB-D16409BAE479} = {EBEA7DA5-4A71-3F62-AABB-D16409BAE479}
	EndProjectSection
EndProject
Project("{8BC9CEB8-8B4A-11D0-8D11-00A0C91BC942}") = "fileappendertest", "src\test\cpp\fileappendertest.vcxproj", "{FF4A2CFD-0D69-3C9B-8433-E2AA9DF563D1}"
	ProjectSection(ProjectDependencies) = postProject
		{0A90F55C-AEBC-3429-8ACA-01DF3342395B} = {0A90F55C-AEBC-3429-8ACA-01DF3342395B}
		{7E1E288C-8456-3EB5-B016-13E9275C4287} = {7E1E288C-8456-3EB5-B016-13E9275C4287}
		{EBEA7DA5-4A71-3F62-AABB-D16409BAE479} = {EBEA7DA5-4A71-3F62-AABB-D16409BAE479}
	EndProjectSection
EndProject
Project("{8BC9CEB8-8B4A-11D0-8D11-00A0C91BC942}") = "filenamepatterntestcase", "src\test\cpp\rolling\filenamepatterntestcase.vcxproj", "{B5E29D34-5089-3BAA-BA13-BC9C508F0F28}"
	ProjectSection(ProjectDependencies) = postProject
		{0A90F55C-AEBC-3429-8ACA-01DF3342395B} = {0A90F55C-AEBC-3429-8ACA-01DF3342395B}
		{7E1E288C-8456-3EB5-B016-13E9275C4287} = {7E1E288C-8456-3EB5-B016-13E9275C4287}
		{EBEA7DA5-4A71-3F62-AABB-D16409BAE479} = {EBEA7DA5-4A71-3F62-AABB-D16409BAE479}
	EndProjectSection
EndProject
Project("{8BC9CEB8-8B4A-11D0-8D11-00A0C91BC942}") = "filetestcase", "src\test\cpp\filetestcase.vcxproj", "{F70225A5-D1D7-3BBC-960B-3DA4D1FC3362}"
	ProjectSection(ProjectDependencies) = postProject
		{0A90F55C-AEBC-3429-8ACA-01DF3342395B} = {0A90F55C-AEBC-3429-8ACA-01DF3342395B}
		{7E1E288C-8456-3EB5-B016-13E9275C4287} = {7E1E288C-8456-3EB5-B016-13E9275C4287}
		{EBEA7DA5-4A71-3F62-AABB-D16409BAE479} = {EBEA7DA5-4A71-3F62-AABB-D16409BAE479}
	EndProjectSection
EndProject
Project("{8BC9CEB8-8B4A-11D0-8D11-00A0C91BC942}") = "filewatchdogtest", "src\test\cpp\helpers\filewatchdogtest.vcxproj", "{3BA2C9EA-454F-3F71-9B5B-22C861D9C799}"
	ProjectSection(ProjectDependencies) = postProject
		{0A90F55C-AEBC-3429-8ACA-01DF3342395B} = {0A90F55C-AEBC-3429-8ACA-01DF3342395B}
		{7E1E288C-8456-3EB5-B016-13E9275C4287} = {7E1E288C-8456-3EB5-B016-13E9275C4287}
		{EBEA7DA5-4A71-3F62-AABB-D16409BAE479} = {EBEA7DA5-4A71-3F62-AABB-D16409BAE479}
	EndProjectSection
EndProject
Project("{8BC9CEB8-8B4A-11D0-8D11-00A0C91BC942}") = "filterbasedrollingtest", "src\test\cpp\rolling\filterbasedrollingtest.vcxproj", "{1517975C-5E0A-3D29-A8E1-977E16BA1D2D}"
	ProjectSection(ProjectDependencies) = postProject
		{0A90F55C-AEBC-3429-8ACA-01DF3342395B} = {0A90F55C-AEBC-3429-8ACA-01DF3342395B}
		{7E1E288C-8456-3EB5-B016-13E9275C4287} = {7E1E288C-8456-3EB5-B016-13E9275C4287}
		{EBEA7DA5-4A71-3F62-AABB-D16409BAE479} = {EBEA7DA5-4A71-3F62-AABB-D16409BAE479}
	EndProjectSection
EndProject
Project("{8BC9CEB8-8B4A-11D0-8D11-00A0C91BC942}") = "filtertests", "src\test\cpp\filter\filtertests.vcxproj", "{F8C99448-672A-32FE-9E0E-B8E1C0807172}"
	ProjectSection(ProjectDependencies) = postProject
		{0A90F55C-AEBC-3429-8ACA-01DF3342395B} = {0A90F55C-AEBC-3429-8ACA-01DF3342395B}
		{7E1E288C-8456-3EB5-B016-13E9275C4287} = {7E1E288C-8456-3EB5-B016-13E9275C4287}
		{EBEA7DA5-4A71-3F62-AABB-D16409BAE479} = {EBEA7DA5-4A71-3F62-AABB-D16409BAE479}
	EndProjectSection
EndProject
Project("{8BC9CEB8-8B4A-11D0-8D11-00A0C91BC942}") = "hierarchytest", "src\test\cpp\hierarchytest.vcxproj", "{A73FD2B7-F5E0-3035-A2B0-3DA4A7BC0117}"
	ProjectSection(ProjectDependencies) = postProject
		{0A90F55C-AEBC-3429-8ACA-01DF3342395B} = {0A90F55C-AEBC-3429-8ACA-01DF3342395B}
		{7E1E288C-8456-3EB5-B016-13E9275C4287} = {7E1E288C-8456-3EB5-B016-13E9275C4287}
		{EBEA7DA5-4A71-3F62-AABB-D16409BAE479} = {EBEA7DA5-4A71-3F62-AABB-D16409BAE479}
	EndProjectSection
EndProject
Project("{8BC9CEB8-8B4A-11D0-8D11-00A0C91BC942}") = "hierarchythresholdtestcase", "src\test\cpp\hierarchythresholdtestcase.vcxproj", "{E91F7879-5184-3641-AC15-E75B63BE02BB}"
	ProjectSection(ProjectDependencies) = postProject
		{0A90F55C-AEBC-3429-8ACA-01DF3342395B} = {0A90F55C-AEBC-3429-8ACA-01DF3342395B}
		{7E1E288C-8456-3EB5-B016-13E9275C4287} = {7E1E288C-8456-3EB5-B016-13E9275C4287}
		{EBEA7DA5-4A71-3F62-AABB-D16409BAE479} = {EBEA7DA5-4A71-3F62-AABB-D16409BAE479}
	EndProjectSection
EndProject
Project("{8BC9CEB8-8B4A-11D0-8D11-00A0C91BC942}") = "inetaddresstestcase", "src\test\cpp\helpers\inetaddresstestcase.vcxproj", "{624A96C2-7EEA-3E18-AF45-3EC77575DE74}"
	ProjectSection(ProjectDependencies) = postProject
		{0A90F55C-AEBC-3429-8ACA-01DF3342395B} = {0A90F55C-AEBC-3429-8ACA-01DF3342395B}
		{7E1E288C-8456-3EB5-B016-13E9275C4287} = {7E1E288C-8456-3EB5-B016-13E9275C4287}
		{EBEA7DA5-4A71-3F62-AABB-D16409BAE479} = {EBEA7DA5-4A71-3F62-AABB-D16409BAE479}
	EndProjectSection
EndProject
Project("{8BC9CEB8-8B4A-11D0-8D11-00A0C91BC942}") = "iso8601dateformattestcase", "src\test\cpp\helpers\iso8601dateformattestcase.vcxproj", "{F4AB3610-EBCB-3B34-A4FE-21363505919B}"
	ProjectSection(ProjectDependencies) = postProject
		{0A90F55C-AEBC-3429-8ACA-01DF3342395B} = {0A90F55C-AEBC-3429-8ACA-01DF3342395B}
		{7E1E288C-8456-3EB5-B016-13E9275C4287} = {7E1E288C-8456-3EB5-B016-13E9275C4287}
		{EBEA7DA5-4A71-3F62-AABB-D16409BAE479} = {EBEA7DA5-4A71-3F62-AABB-D16409BAE479}
	EndProjectSection
EndProject
Project("{8BC9CEB8-8B4A-11D0-8D11-00A0C91BC942}") = "jsonlayouttest", "src\test\cpp\jsonlayouttest.vcxproj", "{DB4705F7-ECEB-3436-8A2F-A72B34FC2640}"
	ProjectSection(ProjectDependencies) = postProject
		{0A90F55C-AEBC-3429-8ACA-01DF3342395B} = {0A90F55C-AEBC-3429-8ACA-01DF3342395B}
		{7E1E288C-8456-3EB5-B016-13E9275C4287} = {7E1E288C-8456-3EB5-B016-13E9275C4287}
		{EBEA7DA5-4A71-3F62-AABB-D16409BAE479} = {EBEA7DA5-4A71-3F62-AABB-D16409BAE479}
	EndProjectSection
EndProject
Project("{8BC9CEB8-8B4A-11D0-8D11-00A0C91BC942}") = "l7dtestcase", "src\test\cpp\l7dtestcase.vcxproj", "{87D4F9AA-E875-353A-9C57-BE218CE1D990}"
	ProjectSection(ProjectDependencies) = postProject
		{0A90F55C-AEBC-3429-8ACA-01DF3342395B} = {0A90F55C-AEBC-3429-8ACA-01DF3342395B}
		{7E1E288C-8456-3EB5-B016-13E9275C4287} = {7E1E288C-8456-3EB5-B016-13E9275C4287}
		{EBEA7DA5-4A71-3F62-AABB-D16409BAE479} = {EBEA7DA5-4A71-3F62-AABB-D16409BAE479}
	EndProjectSection
EndProject
Project("{8BC9CEB8-8B4A-11D0-8D11-00A0C91BC942}") = "levelmatchfiltertestcase", "src\test\cpp\varia\levelmatchfiltertestcase.vcxproj", "{7BAAF412-52DB-3A2F-8B4B-7497701BB674}"
	ProjectSection(ProjectDependencies) = postProject
		{0A90F55C-AEBC-3429-8ACA-01DF3342395B} = {0A90F55C-AEBC-3429-8ACA-01DF3342395B}
		{7E1E288C-8456-3EB5-B016-13E9275C4287} = {7E1E288C-8456-3EB5-B016-13E9275C4287}
		{EBEA7DA5-4A71-3F62-AABB-D16409BAE479} = {EBEA7DA5-4A71-3F62-AABB-D16409BAE479}
	EndProjectSection
EndProject
Project("{8BC9CEB8-8B4A-11D0-8D11-00A0C91BC942}") = "levelrangefiltertestcase", "src\test\cpp\varia\levelrangefiltertestcase.vcxproj", "{FED9C6FB-4124-3879-9608-402A6EB6C44D}"
	ProjectSection(ProjectDependencies) = postProject
		{0A90F55C-AEBC-3429-8ACA-01DF3342395B} = {0A90F55C-AEBC-3429-8ACA-01DF3342395B}
		{7E1E288C-8456-3EB5-B016-13E9275C4287} = {7E1E288C-8456-3EB5-B016-13E9275C4287}
		{EBEA7DA5-4A71-3F62-AABB-D16409BAE479} = {EBEA7DA5-4A71-3F62-AABB-D16409BAE479}
	EndProjectSection
EndProject
Project("{8BC9CEB8-8B4A-11D0-8D11-00A0C91BC942}") = "leveltestcase", "src\test\cpp\leveltestcase.vcxproj", "{16FDB916-272D-3B03-8CB0-83641A6B0763}"
	ProjectSection(ProjectDependencies) = postProject
		{0A90F55C-AEBC-3429-8ACA-01DF3342395B} = {0A90F55C-AEBC-3429-8ACA-01DF3342395B}
		{7E1E288C-8456-3EB5-B016-13E9275C4287} = {7E1E288C-8456-3EB5-B016-13E9275C4287}
		{EBEA7DA5-4A71-3F62-AABB-D16409BAE479} = {EBEA7DA5-4A71-3F62-AABB-D16409BAE479}
	EndProjectSection
EndProject
Project("{8BC9CEB8-8B4A-11D0-8D11-00A0C91BC942}") = "log4cxx", "src\main\cpp\log4cxx.vcxproj", "{0A90F55C-AEBC-3429-8ACA-01DF3342395B}"
	ProjectSection(ProjectDependencies) = postProject
		{23E612C1-768A-3B07-8A57-43F1373BDC9A} = {23E612C1-768A-3B07-8A57-43F1373BDC9A}
	EndProjectSection
EndProject
Project("{8BC9CEB8-8B4A-11D0-8D11-00A0C91BC942}") = "loggertestcase", "src\test\cpp\loggertestcase.vcxproj", "{D99A3957-A3FD-39B2-B18D-65D1FB6AF414}"
	ProjectSection(ProjectDependencies) = postProject
		{0A90F55C-AEBC-3429-8ACA-01DF3342395B} = {0A90F55C-AEBC-3429-8ACA-01DF3342395B}
		{7E1E288C-8456-3EB5-B016-13E9275C4287} = {7E1E288C-8456-3EB5-B016-13E9275C4287}
		{EBEA7DA5-4A71-3F62-AABB-D16409BAE479} = {EBEA7DA5-4A71-3F62-AABB-D16409BAE479}
	EndProjectSection
EndProject
Project("{8BC9CEB8-8B4A-11D0-8D11-00A0C91BC942}") = "manualrollingtest", "src\test\cpp\rolling\manualrollingtest.vcxproj", "{8782A35F-FEF4-3249-8F34-91961513E1DC}"
	ProjectSection(ProjectDependencies) = postProject
		{0A90F55C-AEBC-3429-8ACA-01DF3342395B} = {0A90F55C-AEBC-3429-8ACA-01DF3342395B}
		{7E1E288C-8456-3EB5-B016-13E9275C4287} = {7E1E288C-8456-3EB5-B016-13E9275C4287}
		{EBEA7DA5-4A71-3F62-AABB-D16409BAE479} = {EBEA7DA5-4A71-3F62-AABB-D16409BAE479}
	EndProjectSection
EndProject
Project("{8BC9CEB8-8B4A-11D0-8D11-00A0C91BC942}") = "mdctestcase", "src\test\cpp\mdctestcase.vcxproj", "{F9C59756-0E4F-3622-B5FC-2634A82360F2}"
	ProjectSection(ProjectDependencies) = postProject
		{0A90F55C-AEBC-3429-8ACA-01DF3342395B} = {0A90F55C-AEBC-3429-8ACA-01DF3342395B}
		{7E1E288C-8456-3EB5-B016-13E9275C4287} = {7E1E288C-8456-3EB5-B016-13E9275C4287}
		{EBEA7DA5-4A71-3F62-AABB-D16409BAE479} = {EBEA7DA5-4A71-3F62-AABB-D16409BAE479}
	EndProjectSection
EndProject
Project("{8BC9CEB8-8B4A-11D0-8D11-00A0C91BC942}") = "messagebuffertest", "src\test\cpp\helpers\messagebuffertest.vcxproj", "{CAC14685-BB72-3A21-B1D2-E98C3D120E75}"
	ProjectSection(ProjectDependencies) = postProject
		{0A90F55C-AEBC-3429-8ACA-01DF3342395B} = {0A90F55C-AEBC-3429-8ACA-01DF3342395B}
		{7E1E288C-8456-3EB5-B016-13E9275C4287} = {7E1E288C-8456-3EB5-B016-13E9275C4287}
		{EBEA7DA5-4A71-3F62-AABB-D16409BAE479} = {EBEA7DA5-4A71-3F62-AABB-D16409BAE479}
	EndProjectSection
EndProject
Project("{8BC9CEB8-8B4A-11D0-8D11-00A0C91BC942}") = "minimumtestcase", "src\test\cpp\minimumtestcase.vcxproj", "{6A7B62C8-FC65-3C63-9298-57694D80F78F}"
	ProjectSection(ProjectDependencies) = postProject
		{0A90F55C-AEBC-3429-8ACA-01DF3342395B} = {0A90F55C-AEBC-3429-8ACA-01DF3342395B}
		{7E1E288C-8456-3EB5-B016-13E9275C4287} = {7E1E288C-8456-3EB5-B016-13E9275C4287}
		{EBEA7DA5-4A71-3F62-AABB-D16409BAE479} = {EBEA7DA5-4A71-3F62-AABB-D16409BAE479}
	EndProjectSection
EndProject
Project("{8BC9CEB8-8B4A-11D0-8D11-00A0C91BC942}") = "ndctestcase", "src\test\cpp\ndctestcase.vcxproj", "{D848FDC8-6EB7-3E54-A783-2810F3371622}"
	ProjectSection(ProjectDependencies) = postProject
		{0A90F55C-AEBC-3429-8ACA-01DF3342395B} = {0A90F55C-AEBC-3429-8ACA-01DF3342395B}
		{7E1E288C-8456-3EB5-B016-13E9275C4287} = {7E1E288C-8456-3EB5-B016-13E9275C4287}
		{EBEA7DA5-4A71-3F62-AABB-D16409BAE479} = {EBEA7DA5-4A71-3F62-AABB-D16409BAE479}
	EndProjectSection
EndProject
Project("{8BC9CEB8-8B4A-11D0-8D11-00A0C91BC942}") = "obsoletedailyrollingfileappendertest", "src\test\cpp\rolling\obsoletedailyrollingfileappendertest.vcxproj", "{D6F0CD56-0CE0-31A4-884B-2AA19E0607EA}"
	ProjectSection(ProjectDependencies) = postProject
		{0A90F55C-AEBC-3429-8ACA-01DF3342395B} = {0A90F55C-AEBC-3429-8ACA-01DF3342395B}
		{7E1E288C-8456-3EB5-B016-13E9275C4287} = {7E1E288C-8456-3EB5-B016-13E9275C4287}
		{EBEA7DA5-4A71-3F62-AABB-D16409BAE479} = {EBEA7DA5-4A71-3F62-AABB-D16409BAE479}
	EndProjectSection
EndProject
Project("{8BC9CEB8-8B4A-11D0-8D11-00A0C91BC942}") = "obsoleterollingfileappendertest", "src\test\cpp\rolling\obsoleterollingfileappendertest.vcxproj", "{548B9C50-FF1A-3AC9-A445-74CA39D88B35}"
	ProjectSection(ProjectDependencies) = postProject
		{0A90F55C-AEBC-3429-8ACA-01DF3342395B} = {0A90F55C-AEBC-3429-8ACA-01DF3342395B}
		{7E1E288C-8456-3EB5-B016-13E9275C4287} = {7E1E288C-8456-3EB5-B016-13E9275C4287}
		{EBEA7DA5-4A71-3F62-AABB-D16409BAE479} = {EBEA7DA5-4A71-3F62-AABB-D16409BAE479}
	EndProjectSection
EndProject
Project("{8BC9CEB8-8B4A-11D0-8D11-00A0C91BC942}") = "odbcappendertestcase", "src\test\cpp\db\odbcappendertestcase.vcxproj", "{6A4E681B-3EF0-3FB0-978E-FB3A0991F3E3}"
	ProjectSection(ProjectDependencies) = postProject
		{0A90F55C-AEBC-3429-8ACA-01DF3342395B} = {0A90F55C-AEBC-3429-8ACA-01DF3342395B}
		{7E1E288C-8456-3EB5-B016-13E9275C4287} = {7E1E288C-8456-3EB5-B016-13E9275C4287}
		{EBEA7DA5-4A71-3F62-AABB-D16409BAE479} = {EBEA7DA5-4A71-3F62-AABB-D16409BAE479}
	EndProjectSection
EndProject
Project("{8BC9CEB8-8B4A-11D0-8D11-00A0C91BC942}") = "optionconvertertestcase", "src\test\cpp\helpers\optionconvertertestcase.vcxproj", "{A9B33ABF-D500-35B4-98F2-C304AA87B876}"
	ProjectSection(ProjectDependencies) = postProject
		{0A90F55C-AEBC-3429-8ACA-01DF3342395B} = {0A90F55C-AEBC-3429-8ACA-01DF3342395B}
		{7E1E288C-8456-3EB5-B016-13E9275C4287} = {7E1E288C-8456-3EB5-B016-13E9275C4287}
		{EBEA7DA5-4A71-3F62-AABB-D16409BAE479} = {EBEA7DA5-4A71-3F62-AABB-D16409BAE479}
	EndProjectSection
EndProject
Project("{8BC9CEB8-8B4A-11D0-8D11-00A0C91BC942}") = "patternlayouttest", "src\test\cpp\patternlayouttest.vcxproj", "{37839768-F231-3697-BFE5-F81C6AF764C7}"
	ProjectSection(ProjectDependencies) = postProject
		{0A90F55C-AEBC-3429-8ACA-01DF3342395B} = {0A90F55C-AEBC-3429-8ACA-01DF3342395B}
		{7E1E288C-8456-3EB5-B016-13E9275C4287} = {7E1E288C-8456-3EB5-B016-13E9275C4287}
		{EBEA7DA5-4A71-3F62-AABB-D16409BAE479} = {EBEA7DA5-4A71-3F62-AABB-D16409BAE479}
	EndProjectSection
EndProject
Project("{8BC9CEB8-8B4A-11D0-8D11-00A0C91BC942}") = "patternparsertestcase", "src\test\cpp\pattern\patternparsertestcase.vcxproj", "{CDF28B1A-EADC-3292-B43F-C7A75AD0E68F}"
	ProjectSection(ProjectDependencies) = postProject
		{0A90F55C-AEBC-3429-8ACA-01DF3342395B} = {0A90F55C-AEBC-3429-8ACA-01DF3342395B}
		{7E1E288C-8456-3EB5-B016-13E9275C4287} = {7E1E288C-8456-3EB5-B016-13E9275C4287}
		{EBEA7DA5-4A71-3F62-AABB-D16409BAE479} = {EBEA7DA5-4A71-3F62-AABB-D16409BAE479}
	EndProjectSection
EndProject
Project("{8BC9CEB8-8B4A-11D0-8D11-00A0C91BC942}") = "propertiestestcase", "src\test\cpp\helpers\propertiestestcase.vcxproj", "{5EBA8906-3543-312D-BCB7-66045F3578F1}"
	ProjectSection(ProjectDependencies) = postProject
		{0A90F55C-AEBC-3429-8ACA-01DF3342395B} = {0A90F55C-AEBC-3429-8ACA-01DF3342395B}
		{7E1E288C-8456-3EB5-B016-13E9275C4287} = {7E1E288C-8456-3EB5-B016-13E9275C4287}
		{EBEA7DA5-4A71-3F62-AABB-D16409BAE479} = {EBEA7DA5-4A71-3F62-AABB-D16409BAE479}
	EndProjectSection
EndProject
Project("{8BC9CEB8-8B4A-11D0-8D11-00A0C91BC942}") = "propertyconfiguratortest", "src\test\cpp\propertyconfiguratortest.vcxproj", "{9E6B926A-BFA9-3188-9E61-CFD6544677C1}"
	ProjectSection(ProjectDependencies) = postProject
		{0A90F55C-AEBC-3429-8ACA-01DF3342395B} = {0A90F55C-AEBC-3429-8ACA-01DF3342395B}
		{7E1E288C-8456-3EB5-B016-13E9275C4287} = {7E1E288C-8456-3EB5-B016-13E9275C4287}
		{EBEA7DA5-4A71-3F62-AABB-D16409BAE479} = {EBEA7DA5-4A71-3F62-AABB-D16409BAE479}
	EndProjectSection
EndProject
Project("{8BC9CEB8-8B4A-11D0-8D11-00A0C91BC942}") = "relativetimedateformattestcase", "src\test\cpp\helpers\relativetimedateformattestcase.vcxproj", "{7A5D3AD6-8F91-33D9-8E3F-6F5942CDF729}"
	ProjectSection(ProjectDependencies) = postProject
		{0A90F55C-AEBC-3429-8ACA-01DF3342395B} = {0A90F55C-AEBC-3429-8ACA-01DF3342395B}
		{7E1E288C-8456-3EB5-B016-13E9275C4287} = {7E1E288C-8456-3EB5-B016-13E9275C4287}
		{EBEA7DA5-4A71-3F62-AABB-D16409BAE479} = {EBEA7DA5-4A71-3F62-AABB-D16409BAE479}
	EndProjectSection
EndProject
Project("{8BC9CEB8-8B4A-11D0-8D11-00A0C91BC942}") = "rollingfileappendertestcase", "src\test\cpp\rollingfileappendertestcase.vcxproj", "{5AA4C4BA-BFE5-3BAB-85AE-7871B3907546}"
	ProjectSection(ProjectDependencies) = postProject
		{0A90F55C-AEBC-3429-8ACA-01DF3342395B} = {0A90F55C-AEBC-3429-8ACA-01DF3342395B}
		{7E1E288C-8456-3EB5-B016-13E9275C4287} = {7E1E288C-8456-3EB5-B016-13E9275C4287}
		{EBEA7DA5-4A71-3F62-AABB-D16409BAE479} = {EBEA7DA5-4A71-3F62-AABB-D16409BAE479}
	EndProjectSection
EndProject
Project("{8BC9CEB8-8B4A-11D0-8D11-00A0C91BC942}") = "sizebasedrollingtest", "src\test\cpp\rolling\sizebasedrollingtest.vcxproj", "{0A50603C-986C-3D41-B372-D7726E7DC4F4}"
	ProjectSection(ProjectDependencies) = postProject
		{0A90F55C-AEBC-3429-8ACA-01DF3342395B} = {0A90F55C-AEBC-3429-8ACA-01DF3342395B}
		{7E1E288C-8456-3EB5-B016-13E9275C4287} = {7E1E288C-8456-3EB5-B016-13E9275C4287}
		{EBEA7DA5-4A71-3F62-AABB-D16409BAE479} = {EBEA7DA5-4A71-3F62-AABB-D16409BAE479}
	EndProjectSection
EndProject
Project("{8BC9CEB8-8B4A-11D0-8D11-00A0C91BC942}") = "socketappendertestcase", "src\test\cpp\net\socketappendertestcase.vcxproj", "{344DF73D-DA2E-3290-B946-1A600BAB0D70}"
	ProjectSection(ProjectDependencies) = postProject
		{0A90F55C-AEBC-3429-8ACA-01DF3342395B} = {0A90F55C-AEBC-3429-8ACA-01DF3342395B}
		{7E1E288C-8456-3EB5-B016-13E9275C4287} = {7E1E288C-8456-3EB5-B016-13E9275C4287}
		{EBEA7DA5-4A71-3F62-AABB-D16409BAE479} = {EBEA7DA5-4A71-3F62-AABB-D16409BAE479}
	EndProjectSection
EndProject
Project("{8BC9CEB8-8B4A-11D0-8D11-00A0C91BC942}") = "sockethubappendertestcase", "src\test\cpp\net\sockethubappendertestcase.vcxproj", "{92F4EC35-08F0-3D65-B796-5BA96FCB5715}"
	ProjectSection(ProjectDependencies) = postProject
		{0A90F55C-AEBC-3429-8ACA-01DF3342395B} = {0A90F55C-AEBC-3429-8ACA-01DF3342395B}
		{7E1E288C-8456-3EB5-B016-13E9275C4287} = {7E1E288C-8456-3EB5-B016-13E9275C4287}
		{EBEA7DA5-4A71-3F62-AABB-D16409BAE479} = {EBEA7DA5-4A71-3F62-AABB-D16409BAE479}
	EndProjectSection
EndProject
Project("{8BC9CEB8-8B4A-11D0-8D11-00A0C91BC942}") = "spitestcase", "src\test\cpp\spi\spitestcase.vcxproj", "{42B1C085-F015-3F73-8B36-C80166F27C83}"
	ProjectSection(ProjectDependencies) = postProject
		{0A90F55C-AEBC-3429-8ACA-01DF3342395B} = {0A90F55C-AEBC-3429-8ACA-01DF3342395B}
		{7E1E288C-8456-3EB5-B016-13E9275C4287} = {7E1E288C-8456-3EB5-B016-13E9275C4287}
		{EBEA7DA5-4A71-3F62-AABB-D16409BAE479} = {EBEA7DA5-4A71-3F62-AABB-D16409BAE479}
	EndProjectSection
EndProject
Project("{8BC9CEB8-8B4A-11D0-8D11-00A0C91BC942}") = "stream", "src\examples\cpp\stream.vcxproj", "{AEF61D6A-4C0E-3F59-971D-FF0F98BEA129}"
	ProjectSection(ProjectDependencies) = postProject
		{0A90F55C-AEBC-3429-8ACA-01DF3342395B} = {0A90F55C-AEBC-3429-8ACA-01DF3342395B}
	EndProjectSection
EndProject
Project("{8BC9CEB8-8B4A-11D0-8D11-00A0C91BC942}") = "streamtestcase", "src\test\cpp\streamtestcase.vcxproj", "{2F3F8BCE-34A2-3171-9DEE-01E0889BB5EE}"
	ProjectSection(ProjectDependencies) = postProject
		{0A90F55C-AEBC-3429-8ACA-01DF3342395B} = {0A90F55C-AEBC-3429-8ACA-01DF3342395B}
		{7E1E288C-8456-3EB5-B016-13E9275C4287} = {7E1E288C-8456-3EB5-B016-13E9275C4287}
		{EBEA7DA5-4A71-3F62-AABB-D16409BAE479} = {EBEA7DA5-4A71-3F62-AABB-D16409BAE479}
	EndProjectSection
EndProject
Project("{8BC9CEB8-8B4A-11D0-8D11-00A0C91BC942}") = "stringhelpertestcase", "src\test\cpp\helpers\stringhelpertestcase.vcxproj", "{2F61048D-A323-365A-BE24-4AA38A8AF6B0}"
	ProjectSection(ProjectDependencies) = postProject
		{0A90F55C-AEBC-3429-8ACA-01DF3342395B} = {0A90F55C-AEBC-3429-8ACA-01DF3342395B}
		{7E1E288C-8456-3EB5-B016-13E9275C4287} = {7E1E288C-8456-3EB5-B016-13E9275C4287}
		{EBEA7DA5-4A71-3F62-AABB-D16409BAE479} = {EBEA7DA5-4A71-3F62-AABB-D16409BAE479}
	EndProjectSection
EndProject
Project("{8BC9CEB8-8B4A-11D0-8D11-00A0C91BC942}") = "stringtokenizertestcase", "src\test\cpp\helpers\stringtokenizertestcase.vcxproj", "{0E2A9201-C38B-38E4-A835-46A16174B855}"
	ProjectSection(ProjectDependencies) = postProject
		{0A90F55C-AEBC-3429-8ACA-01DF3342395B} = {0A90F55C-AEBC-3429-8ACA-01DF3342395B}
		{7E1E288C-8456-3EB5-B016-13E9275C4287} = {7E1E288C-8456-3EB5-B016-13E9275C4287}
		{EBEA7DA5-4A71-3F62-AABB-D16409BAE479} = {EBEA7DA5-4A71-3F62-AABB-D16409BAE479}
	EndProjectSection
EndProject
Project("{8BC9CEB8-8B4A-11D0-8D11-00A0C91BC942}") = "syslogappendertestcase", "src\test\cpp\net\syslogappendertestcase.vcxproj", "{4352955C-74FC-3EE9-B91A-4B5722465078}"
	ProjectSection(ProjectDependencies) = postProject
		{0A90F55C-AEBC-3429-8ACA-01DF3342395B} = {0A90F55C-AEBC-3429-8ACA-01DF3342395B}
		{7E1E288C-8456-3EB5-B016-13E9275C4287} = {7E1E288C-8456-3EB5-B016-13E9275C4287}
		{EBEA7DA5-4A71-3F62-AABB-D16409BAE479} = {EBEA7DA5-4A71-3F62-AABB-D16409BAE479}
	EndProjectSection
EndProject
Project("{8BC9CEB8-8B4A-11D0-8D11-00A0C91BC942}") = "syslogwritertest", "src\test\cpp\helpers\syslogwritertest.vcxproj", "{71877CDA-0294-396E-B7C2-72F19E22C820}"
	ProjectSection(ProjectDependencies) = postProject
		{0A90F55C-AEBC-3429-8ACA-01DF3342395B} = {0A90F55C-AEBC-3429-8ACA-01DF3342395B}
		{7E1E288C-8456-3EB5-B016-13E9275C4287} = {7E1E288C-8456-3EB5-B016-13E9275C4287}
		{EBEA7DA5-4A71-3F62-AABB-D16409BAE479} = {EBEA7DA5-4A71-3F62-AABB-D16409BAE479}
	EndProjectSection
EndProject
Project("{8BC9CEB8-8B4A-11D0-8D11-00A0C91BC942}") = "telnetappendertestcase", "src\test\cpp\net\telnetappendertestcase.vcxproj", "{26C897AD-C1DC-3BAF-ADFC-0E32727E333B}"
	ProjectSection(ProjectDependencies) = postProject
		{0A90F55C-AEBC-3429-8ACA-01DF3342395B} = {0A90F55C-AEBC-3429-8ACA-01DF3342395B}
		{7E1E288C-8456-3EB5-B016-13E9275C4287} = {7E1E288C-8456-3EB5-B016-13E9275C4287}
		{EBEA7DA5-4A71-3F62-AABB-D16409BAE479} = {EBEA7DA5-4A71-3F62-AABB-D16409BAE479}
	EndProjectSection
EndProject
Project("{8BC9CEB8-8B4A-11D0-8D11-00A0C91BC942}") = "testingFramework", "src\test\cpp\testingFramework.vcxproj", "{7E1E288C-8456-3EB5-B016-13E9275C4287}"
	ProjectSection(ProjectDependencies) = postProject
	EndProjectSection
EndProject
Project("{8BC9CEB8-8B4A-11D0-8D11-00A0C91BC942}") = "testingUtilities", "src\test\cpp\util\testingUtilities.vcxproj", "{EBEA7DA5-4A71-3F62-AABB-D16409BAE479}"
	ProjectSection(ProjectDependencies) = postProject
	EndProjectSection
EndProject
Project("{8BC9CEB8-8B4A-11D0-8D11-00A0C91BC942}") = "threadtestcase", "src\test\cpp\helpers\threadtestcase.vcxproj", "{9E07009F-C2F0-3144-BD5C-B6EB50F91A73}"
	ProjectSection(ProjectDependencies) = postProject
		{0A90F55C-AEBC-3429-8ACA-01DF3342395B} = {0A90F55C-AEBC-3429-8ACA-01DF3342395B}
		{7E1E288C-8456-3EB5-B016-13E9275C4287} = {7E1E288C-8456-3EB5-B016-13E9275C4287}
		{EBEA7DA5-4A71-3F62-AABB-D16409BAE479} = {EBEA7DA5-4A71-3F62-AABB-D16409BAE479}
	EndProjectSection
EndProject
Project("{8BC9CEB8-8B4A-11D0-8D11-00A0C91BC942}") = "timebasedrollingtest", "src\test\cpp\rolling\timebasedrollingtest.vcxproj", "{5F6BFC45-86E6-315E-B058-BAF0DAFE7438}"
	ProjectSection(ProjectDependencies) = postProject
		{0A90F55C-AEBC-3429-8ACA-01DF3342395B} = {0A90F55C-AEBC-3429-8ACA-01DF3342395B}
		{7E1E288C-8456-3EB5-B016-13E9275C4287} = {7E1E288C-8456-3EB5-B016-13E9275C4287}
		{EBEA7DA5-4A71-3F62-AABB-D16409BAE479} = {EBEA7DA5-4A71-3F62-AABB-D16409BAE479}
	EndProjectSection
EndProject
Project("{8BC9CEB8-8B4A-11D0-8D11-00A0C91BC942}") = "timezonetestcase", "src\test\cpp\helpers\timezonetestcase.vcxproj", "{CCB97306-FDA5-3CA3-AB28-196512669B68}"
	ProjectSection(ProjectDependencies) = postProject
		{0A90F55C-AEBC-3429-8ACA-01DF3342395B} = {0A90F55C-AEBC-3429-8ACA-01DF3342395B}
		{7E1E288C-8456-3EB5-B016-13E9275C4287} = {7E1E288C-8456-3EB5-B016-13E9275C4287}
		{EBEA7DA5-4A71-3F62-AABB-D16409BAE479} = {EBEA7DA5-4A71-3F62-AABB-D16409BAE479}
	EndProjectSection
EndProject
Project("{8BC9CEB8-8B4A-11D0-8D11-00A0C91BC942}") = "transcodertestcase", "src\test\cpp\helpers\transcodertestcase.vcxproj", "{48130DB3-E079-3C48-9F02-A6330144BC13}"
	ProjectSection(ProjectDependencies) = postProject
		{0A90F55C-AEBC-3429-8ACA-01DF3342395B} = {0A90F55C-AEBC-3429-8ACA-01DF3342395B}
		{7E1E288C-8456-3EB5-B016-13E9275C4287} = {7E1E288C-8456-3EB5-B016-13E9275C4287}
		{EBEA7DA5-4A71-3F62-AABB-D16409BAE479} = {EBEA7DA5-4A71-3F62-AABB-D16409BAE479}
	EndProjectSection
EndProject
Project("{8BC9CEB8-8B4A-11D0-8D11-00A0C91BC942}") = "trivial", "src\examples\cpp\trivial.vcxproj", "{B46079ED-8501-3A38-8616-F5936A02AF84}"
	ProjectSection(ProjectDependencies) = postProject
		{0A90F55C-AEBC-3429-8ACA-01DF3342395B} = {0A90F55C-AEBC-3429-8ACA-01DF3342395B}
	EndProjectSection
EndProject
Project("{8BC9CEB8-8B4A-11D0-8D11-00A0C91BC942}") = "xloggertestcase", "src\test\cpp\customlogger\xloggertestcase.vcxproj", "{47775FBD-4BBD-3D28-BF33-CFE7B9FA9B63}"
	ProjectSection(ProjectDependencies) = postProject
		{0A90F55C-AEBC-3429-8ACA-01DF3342395B} = {0A90F55C-AEBC-3429-8ACA-01DF3342395B}
		{7E1E288C-8456-3EB5-B016-13E9275C4287} = {7E1E288C-8456-3EB5-B016-13E9275C4287}
		{EBEA7DA5-4A71-3F62-AABB-D16409BAE479} = {EBEA7DA5-4A71-3F62-AABB-D16409BAE479}
	EndProjectSection
EndProject
Project("{8BC9CEB8-8B4A-11D0-8D11-00A0C91BC942}") = "xmlsocketappendertestcase", "src\test\cpp\net\xmlsocketappendertestcase.vcxproj", "{D31FDC00-D694-321C-BC70-3C159D35590A}"
	ProjectSection(ProjectDependencies) = postProject
		{0A90F55C-AEBC-3429-8ACA-01DF3342395B} = {0A90F55C-AEBC-3429-8ACA-01DF3342395B}
		{7E1E288C-8456-3EB5-B016-13E9275C4287} = {7E1E288C-8456-3EB5-B016-13E9275C4287}
		{EBEA7DA5-4A71-3F62-AABB-D16409BAE479} = {EBEA7DA5-4A71-3F62-AABB-D16409BAE479}
	EndProjectSection
EndProject
Project("{8BC9CEB8-8B4A-11D0-8D11-00A0C91BC942}") = "xmltests", "src\test\cpp\xml\xmltests.vcxproj", "{206D1122-AB3F-352E-8408-52D594BE396F}"
	ProjectSection(ProjectDependencies) = postProject
		{0A90F55C-AEBC-3429-8ACA-01DF3342395B} = {0A90F55C-AEBC-3429-8ACA-01DF3342395B}
		{7E1E288C-8456-3EB5-B016-13E9275C4287} = {7E1E288C-8456-3EB5-B016-13E9275C4287}
		{EBEA7DA5-4A71-3F62-AABB-D16409BAE479} = {EBEA7DA5-4A71-3F62-AABB-D16409BAE479}
	EndProjectSection
EndProject
Global
	GlobalSection(SolutionConfigurationPlatforms) = preSolution
		Debug|x64 = Debug|x64
		Release|x64 = Release|x64
		MinSizeRel|x64 = MinSizeRel|x64
		RelWithDebInfo|x64 = RelWithDebInfo|x64
	EndGlobalSection
	GlobalSection(ProjectConfigurationPlatforms) = postSolution
		{FB2D0288-0569-3C10-A335-CE11A0CBD86E}.Debug|x64.ActiveCfg = Debug|x64
		{FB2D0288-0569-3C10-A335-CE11A0CBD86E}.Debug|x64.Build.0 = Debug|x64
		{FB2D0288-0569-3C10-A335-CE11A0CBD86E}.Release|x64.ActiveCfg = Release|x64
		{FB2D0288-0569-3C10-A335-CE11A0CBD86E}.Release|x64.Build.0 = Release|x64
		{FB2D0288-0569-3C10-A335-CE11A0CBD86E}.MinSizeRel|x64.ActiveCfg = MinSizeRel|x64
		{FB2D0288-0569-3C10-A335-CE11A0CBD86E}.MinSizeRel|x64.Build.0 = MinSizeRel|x64
		{FB2D0288-0569-3C10-A335-CE11A0CBD86E}.RelWithDebInfo|x64.ActiveCfg = RelWithDebInfo|x64
		{FB2D0288-0569-3C10-A335-CE11A0CBD86E}.RelWithDebInfo|x64.Build.0 = RelWithDebInfo|x64
		{3BAFD6E1-B2EE-34D3-98E5-8F83DD42D1C8}.Debug|x64.ActiveCfg = Debug|x64
		{3BAFD6E1-B2EE-34D3-98E5-8F83DD42D1C8}.Release|x64.ActiveCfg = Release|x64
		{3BAFD6E1-B2EE-34D3-98E5-8F83DD42D1C8}.MinSizeRel|x64.ActiveCfg = MinSizeRel|x64
		{3BAFD6E1-B2EE-34D3-98E5-8F83DD42D1C8}.RelWithDebInfo|x64.ActiveCfg = RelWithDebInfo|x64
		{C38A5F30-ECAE-3EC5-A863-649F529837CE}.Debug|x64.ActiveCfg = Debug|x64
		{C38A5F30-ECAE-3EC5-A863-649F529837CE}.Release|x64.ActiveCfg = Release|x64
		{C38A5F30-ECAE-3EC5-A863-649F529837CE}.MinSizeRel|x64.ActiveCfg = MinSizeRel|x64
		{C38A5F30-ECAE-3EC5-A863-649F529837CE}.RelWithDebInfo|x64.ActiveCfg = RelWithDebInfo|x64
		{E3F417F6-C015-3086-8C42-B515DA397CEA}.Debug|x64.ActiveCfg = Debug|x64
		{E3F417F6-C015-3086-8C42-B515DA397CEA}.Release|x64.ActiveCfg = Release|x64
		{E3F417F6-C015-3086-8C42-B515DA397CEA}.MinSizeRel|x64.ActiveCfg = MinSizeRel|x64
		{E3F417F6-C015-3086-8C42-B515DA397CEA}.RelWithDebInfo|x64.ActiveCfg = RelWithDebInfo|x64
		{44F1C7CD-705F-3705-A636-6E0F5A70333D}.Debug|x64.ActiveCfg = Debug|x64
		{44F1C7CD-705F-3705-A636-6E0F5A70333D}.Release|x64.ActiveCfg = Release|x64
		{44F1C7CD-705F-3705-A636-6E0F5A70333D}.MinSizeRel|x64.ActiveCfg = MinSizeRel|x64
		{44F1C7CD-705F-3705-A636-6E0F5A70333D}.RelWithDebInfo|x64.ActiveCfg = RelWithDebInfo|x64
		{5368ACBC-4C73-346E-8A0C-308E8C4B11C8}.Debug|x64.ActiveCfg = Debug|x64
		{5368ACBC-4C73-346E-8A0C-308E8C4B11C8}.Release|x64.ActiveCfg = Release|x64
		{5368ACBC-4C73-346E-8A0C-308E8C4B11C8}.MinSizeRel|x64.ActiveCfg = MinSizeRel|x64
		{5368ACBC-4C73-346E-8A0C-308E8C4B11C8}.RelWithDebInfo|x64.ActiveCfg = RelWithDebInfo|x64
		{B6EA1D40-3C5F-3889-B9C5-B8DD529038D0}.Debug|x64.ActiveCfg = Debug|x64
		{B6EA1D40-3C5F-3889-B9C5-B8DD529038D0}.Release|x64.ActiveCfg = Release|x64
		{B6EA1D40-3C5F-3889-B9C5-B8DD529038D0}.MinSizeRel|x64.ActiveCfg = MinSizeRel|x64
		{B6EA1D40-3C5F-3889-B9C5-B8DD529038D0}.RelWithDebInfo|x64.ActiveCfg = RelWithDebInfo|x64
		{3EBC8DD1-928F-3250-B1EB-FDC9E9ACB7A7}.Debug|x64.ActiveCfg = Debug|x64
		{3EBC8DD1-928F-3250-B1EB-FDC9E9ACB7A7}.Debug|x64.Build.0 = Debug|x64
		{3EBC8DD1-928F-3250-B1EB-FDC9E9ACB7A7}.Release|x64.ActiveCfg = Release|x64
		{3EBC8DD1-928F-3250-B1EB-FDC9E9ACB7A7}.Release|x64.Build.0 = Release|x64
		{3EBC8DD1-928F-3250-B1EB-FDC9E9ACB7A7}.MinSizeRel|x64.ActiveCfg = MinSizeRel|x64
		{3EBC8DD1-928F-3250-B1EB-FDC9E9ACB7A7}.MinSizeRel|x64.Build.0 = MinSizeRel|x64
		{3EBC8DD1-928F-3250-B1EB-FDC9E9ACB7A7}.RelWithDebInfo|x64.ActiveCfg = RelWithDebInfo|x64
		{3EBC8DD1-928F-3250-B1EB-FDC9E9ACB7A7}.RelWithDebInfo|x64.Build.0 = RelWithDebInfo|x64
		{DE0EFB36-80B8-32E2-AEA4-E17E71957DFA}.Debug|x64.ActiveCfg = Debug|x64
		{DE0EFB36-80B8-32E2-AEA4-E17E71957DFA}.Debug|x64.Build.0 = Debug|x64
		{DE0EFB36-80B8-32E2-AEA4-E17E71957DFA}.Release|x64.ActiveCfg = Release|x64
		{DE0EFB36-80B8-32E2-AEA4-E17E71957DFA}.Release|x64.Build.0 = Release|x64
		{DE0EFB36-80B8-32E2-AEA4-E17E71957DFA}.MinSizeRel|x64.ActiveCfg = MinSizeRel|x64
		{DE0EFB36-80B8-32E2-AEA4-E17E71957DFA}.MinSizeRel|x64.Build.0 = MinSizeRel|x64
		{DE0EFB36-80B8-32E2-AEA4-E17E71957DFA}.RelWithDebInfo|x64.ActiveCfg = RelWithDebInfo|x64
		{DE0EFB36-80B8-32E2-AEA4-E17E71957DFA}.RelWithDebInfo|x64.Build.0 = RelWithDebInfo|x64
		{EF8FBED4-2A72-3D29-B061-F75A8E3336A4}.Debug|x64.ActiveCfg = Debug|x64
		{EF8FBED4-2A72-3D29-B061-F75A8E3336A4}.Debug|x64.Build.0 = Debug|x64
		{EF8FBED4-2A72-3D29-B061-F75A8E3336A4}.Release|x64.ActiveCfg = Release|x64
		{EF8FBED4-2A72-3D29-B061-F75A8E3336A4}.Release|x64.Build.0 = Release|x64
		{EF8FBED4-2A72-3D29-B061-F75A8E3336A4}.MinSizeRel|x64.ActiveCfg = MinSizeRel|x64
		{EF8FBED4-2A72-3D29-B061-F75A8E3336A4}.MinSizeRel|x64.Build.0 = MinSizeRel|x64
		{EF8FBED4-2A72-3D29-B061-F75A8E3336A4}.RelWithDebInfo|x64.ActiveCfg = RelWithDebInfo|x64
		{EF8FBED4-2A72-3D29-B061-F75A8E3336A4}.RelWithDebInfo|x64.Build.0 = RelWithDebInfo|x64
		{B4AE6F74-6AA7-33F3-96DA-3C80357AC457}.Debug|x64.ActiveCfg = Debug|x64
		{B4AE6F74-6AA7-33F3-96DA-3C80357AC457}.Debug|x64.Build.0 = Debug|x64
		{B4AE6F74-6AA7-33F3-96DA-3C80357AC457}.Release|x64.ActiveCfg = Release|x64
		{B4AE6F74-6AA7-33F3-96DA-3C80357AC457}.Release|x64.Build.0 = Release|x64
		{B4AE6F74-6AA7-33F3-96DA-3C80357AC457}.MinSizeRel|x64.ActiveCfg = MinSizeRel|x64
		{B4AE6F74-6AA7-33F3-96DA-3C80357AC457}.MinSizeRel|x64.Build.0 = MinSizeRel|x64
		{B4AE6F74-6AA7-33F3-96DA-3C80357AC457}.RelWithDebInfo|x64.ActiveCfg = RelWithDebInfo|x64
		{B4AE6F74-6AA7-33F3-96DA-3C80357AC457}.RelWithDebInfo|x64.Build.0 = RelWithDebInfo|x64
		{C7FA30A1-F5C0-39D6-92B0-B9E28B6A74B5}.Debug|x64.ActiveCfg = Debug|x64
		{C7FA30A1-F5C0-39D6-92B0-B9E28B6A74B5}.Debug|x64.Build.0 = Debug|x64
		{C7FA30A1-F5C0-39D6-92B0-B9E28B6A74B5}.Release|x64.ActiveCfg = Release|x64
		{C7FA30A1-F5C0-39D6-92B0-B9E28B6A74B5}.Release|x64.Build.0 = Release|x64
		{C7FA30A1-F5C0-39D6-92B0-B9E28B6A74B5}.MinSizeRel|x64.ActiveCfg = MinSizeRel|x64
		{C7FA30A1-F5C0-39D6-92B0-B9E28B6A74B5}.MinSizeRel|x64.Build.0 = MinSizeRel|x64
		{C7FA30A1-F5C0-39D6-92B0-B9E28B6A74B5}.RelWithDebInfo|x64.ActiveCfg = RelWithDebInfo|x64
		{C7FA30A1-F5C0-39D6-92B0-B9E28B6A74B5}.RelWithDebInfo|x64.Build.0 = RelWithDebInfo|x64
		{23E612C1-768A-3B07-8A57-43F1373BDC9A}.Debug|x64.ActiveCfg = Debug|x64
		{23E612C1-768A-3B07-8A57-43F1373BDC9A}.Debug|x64.Build.0 = Debug|x64
		{23E612C1-768A-3B07-8A57-43F1373BDC9A}.Release|x64.ActiveCfg = Release|x64
		{23E612C1-768A-3B07-8A57-43F1373BDC9A}.Release|x64.Build.0 = Release|x64
		{23E612C1-768A-3B07-8A57-43F1373BDC9A}.MinSizeRel|x64.ActiveCfg = MinSizeRel|x64
		{23E612C1-768A-3B07-8A57-43F1373BDC9A}.MinSizeRel|x64.Build.0 = MinSizeRel|x64
		{23E612C1-768A-3B07-8A57-43F1373BDC9A}.RelWithDebInfo|x64.ActiveCfg = RelWithDebInfo|x64
		{23E612C1-768A-3B07-8A57-43F1373BDC9A}.RelWithDebInfo|x64.Build.0 = RelWithDebInfo|x64
		{AFB0464E-9120-3933-96CA-8ACE4F490C39}.Debug|x64.ActiveCfg = Debug|x64
		{AFB0464E-9120-3933-96CA-8ACE4F490C39}.Debug|x64.Build.0 = Debug|x64
		{AFB0464E-9120-3933-96CA-8ACE4F490C39}.Release|x64.ActiveCfg = Release|x64
		{AFB0464E-9120-3933-96CA-8ACE4F490C39}.Release|x64.Build.0 = Release|x64
		{AFB0464E-9120-3933-96CA-8ACE4F490C39}.MinSizeRel|x64.ActiveCfg = MinSizeRel|x64
		{AFB0464E-9120-3933-96CA-8ACE4F490C39}.MinSizeRel|x64.Build.0 = MinSizeRel|x64
		{AFB0464E-9120-3933-96CA-8ACE4F490C39}.RelWithDebInfo|x64.ActiveCfg = RelWithDebInfo|x64
		{AFB0464E-9120-3933-96CA-8ACE4F490C39}.RelWithDebInfo|x64.Build.0 = RelWithDebInfo|x64
		{08E8F0BD-E4A2-3BF6-8E7B-C48D6DEA1B26}.Debug|x64.ActiveCfg = Debug|x64
		{08E8F0BD-E4A2-3BF6-8E7B-C48D6DEA1B26}.Debug|x64.Build.0 = Debug|x64
		{08E8F0BD-E4A2-3BF6-8E7B-C48D6DEA1B26}.Release|x64.ActiveCfg = Release|x64
		{08E8F0BD-E4A2-3BF6-8E7B-C48D6DEA1B26}.Release|x64.Build.0 = Release|x64
		{08E8F0BD-E4A2-3BF6-8E7B-C48D6DEA1B26}.MinSizeRel|x64.ActiveCfg = MinSizeRel|x64
		{08E8F0BD-E4A2-3BF6-8E7B-C48D6DEA1B26}.MinSizeRel|x64.Build.0 = MinSizeRel|x64
		{08E8F0BD-E4A2-3BF6-8E7B-C48D6DEA1B26}.RelWithDebInfo|x64.ActiveCfg = RelWithDebInfo|x64
		{08E8F0BD-E4A2-3BF6-8E7B-C48D6DEA1B26}.RelWithDebInfo|x64.Build.0 = RelWithDebInfo|x64
		{9444CA8C-1B97-34A6-821D-E3AFC6E05708}.Debug|x64.ActiveCfg = Debug|x64
		{9444CA8C-1B97-34A6-821D-E3AFC6E05708}.Debug|x64.Build.0 = Debug|x64
		{9444CA8C-1B97-34A6-821D-E3AFC6E05708}.Release|x64.ActiveCfg = Release|x64
		{9444CA8C-1B97-34A6-821D-E3AFC6E05708}.Release|x64.Build.0 = Release|x64
		{9444CA8C-1B97-34A6-821D-E3AFC6E05708}.MinSizeRel|x64.ActiveCfg = MinSizeRel|x64
		{9444CA8C-1B97-34A6-821D-E3AFC6E05708}.MinSizeRel|x64.Build.0 = MinSizeRel|x64
		{9444CA8C-1B97-34A6-821D-E3AFC6E05708}.RelWithDebInfo|x64.ActiveCfg = RelWithDebInfo|x64
		{9444CA8C-1B97-34A6-821D-E3AFC6E05708}.RelWithDebInfo|x64.Build.0 = RelWithDebInfo|x64
		{96AAA65D-D104-3F76-BA33-D216DB3FD5DD}.Debug|x64.ActiveCfg = Debug|x64
		{96AAA65D-D104-3F76-BA33-D216DB3FD5DD}.Debug|x64.Build.0 = Debug|x64
		{96AAA65D-D104-3F76-BA33-D216DB3FD5DD}.Release|x64.ActiveCfg = Release|x64
		{96AAA65D-D104-3F76-BA33-D216DB3FD5DD}.Release|x64.Build.0 = Release|x64
		{96AAA65D-D104-3F76-BA33-D216DB3FD5DD}.MinSizeRel|x64.ActiveCfg = MinSizeRel|x64
		{96AAA65D-D104-3F76-BA33-D216DB3FD5DD}.MinSizeRel|x64.Build.0 = MinSizeRel|x64
		{96AAA65D-D104-3F76-BA33-D216DB3FD5DD}.RelWithDebInfo|x64.ActiveCfg = RelWithDebInfo|x64
		{96AAA65D-D104-3F76-BA33-D216DB3FD5DD}.RelWithDebInfo|x64.Build.0 = RelWithDebInfo|x64
		{DD714E6C-0057-32F7-972A-C4297BED21B3}.Debug|x64.ActiveCfg = Debug|x64
		{DD714E6C-0057-32F7-972A-C4297BED21B3}.Debug|x64.Build.0 = Debug|x64
		{DD714E6C-0057-32F7-972A-C4297BED21B3}.Release|x64.ActiveCfg = Release|x64
		{DD714E6C-0057-32F7-972A-C4297BED21B3}.Release|x64.Build.0 = Release|x64
		{DD714E6C-0057-32F7-972A-C4297BED21B3}.MinSizeRel|x64.ActiveCfg = MinSizeRel|x64
		{DD714E6C-0057-32F7-972A-C4297BED21B3}.MinSizeRel|x64.Build.0 = MinSizeRel|x64
		{DD714E6C-0057-32F7-972A-C4297BED21B3}.RelWithDebInfo|x64.ActiveCfg = RelWithDebInfo|x64
		{DD714E6C-0057-32F7-972A-C4297BED21B3}.RelWithDebInfo|x64.Build.0 = RelWithDebInfo|x64
		{4A368D65-02EE-30A5-B809-DB5B32B4466E}.Debug|x64.ActiveCfg = Debug|x64
		{4A368D65-02EE-30A5-B809-DB5B32B4466E}.Debug|x64.Build.0 = Debug|x64
		{4A368D65-02EE-30A5-B809-DB5B32B4466E}.Release|x64.ActiveCfg = Release|x64
		{4A368D65-02EE-30A5-B809-DB5B32B4466E}.Release|x64.Build.0 = Release|x64
		{4A368D65-02EE-30A5-B809-DB5B32B4466E}.MinSizeRel|x64.ActiveCfg = MinSizeRel|x64
		{4A368D65-02EE-30A5-B809-DB5B32B4466E}.MinSizeRel|x64.Build.0 = MinSizeRel|x64
		{4A368D65-02EE-30A5-B809-DB5B32B4466E}.RelWithDebInfo|x64.ActiveCfg = RelWithDebInfo|x64
		{4A368D65-02EE-30A5-B809-DB5B32B4466E}.RelWithDebInfo|x64.Build.0 = RelWithDebInfo|x64
		{48C73E31-8A7E-3377-921B-A9B9EC87B5FF}.Debug|x64.ActiveCfg = Debug|x64
		{48C73E31-8A7E-3377-921B-A9B9EC87B5FF}.Debug|x64.Build.0 = Debug|x64
		{48C73E31-8A7E-3377-921B-A9B9EC87B5FF}.Release|x64.ActiveCfg = Release|x64
		{48C73E31-8A7E-3377-921B-A9B9EC87B5FF}.Release|x64.Build.0 = Release|x64
		{48C73E31-8A7E-3377-921B-A9B9EC87B5FF}.MinSizeRel|x64.ActiveCfg = MinSizeRel|x64
		{48C73E31-8A7E-3377-921B-A9B9EC87B5FF}.MinSizeRel|x64.Build.0 = MinSizeRel|x64
		{48C73E31-8A7E-3377-921B-A9B9EC87B5FF}.RelWithDebInfo|x64.ActiveCfg = RelWithDebInfo|x64
		{48C73E31-8A7E-3377-921B-A9B9EC87B5FF}.RelWithDebInfo|x64.Build.0 = RelWithDebInfo|x64
		{A71879D5-095B-39A0-85F4-CCD2DDCCD997}.Debug|x64.ActiveCfg = Debug|x64
		{A71879D5-095B-39A0-85F4-CCD2DDCCD997}.Debug|x64.Build.0 = Debug|x64
		{A71879D5-095B-39A0-85F4-CCD2DDCCD997}.Release|x64.ActiveCfg = Release|x64
		{A71879D5-095B-39A0-85F4-CCD2DDCCD997}.Release|x64.Build.0 = Release|x64
		{A71879D5-095B-39A0-85F4-CCD2DDCCD997}.MinSizeRel|x64.ActiveCfg = MinSizeRel|x64
		{A71879D5-095B-39A0-85F4-CCD2DDCCD997}.MinSizeRel|x64.Build.0 = MinSizeRel|x64
		{A71879D5-095B-39A0-85F4-CCD2DDCCD997}.RelWithDebInfo|x64.ActiveCfg = RelWithDebInfo|x64
		{A71879D5-095B-39A0-85F4-CCD2DDCCD997}.RelWithDebInfo|x64.Build.0 = RelWithDebInfo|x64
		{04DA603B-5CFD-33B1-97FB-D87D028200D6}.Debug|x64.ActiveCfg = Debug|x64
		{04DA603B-5CFD-33B1-97FB-D87D028200D6}.Debug|x64.Build.0 = Debug|x64
		{04DA603B-5CFD-33B1-97FB-D87D028200D6}.Release|x64.ActiveCfg = Release|x64
		{04DA603B-5CFD-33B1-97FB-D87D028200D6}.Release|x64.Build.0 = Release|x64
		{04DA603B-5CFD-33B1-97FB-D87D028200D6}.MinSizeRel|x64.ActiveCfg = MinSizeRel|x64
		{04DA603B-5CFD-33B1-97FB-D87D028200D6}.MinSizeRel|x64.Build.0 = MinSizeRel|x64
		{04DA603B-5CFD-33B1-97FB-D87D028200D6}.RelWithDebInfo|x64.ActiveCfg = RelWithDebInfo|x64
		{04DA603B-5CFD-33B1-97FB-D87D028200D6}.RelWithDebInfo|x64.Build.0 = RelWithDebInfo|x64
		{71321642-0DE5-3C30-B366-22AA204D6B1B}.Debug|x64.ActiveCfg = Debug|x64
		{71321642-0DE5-3C30-B366-22AA204D6B1B}.Debug|x64.Build.0 = Debug|x64
		{71321642-0DE5-3C30-B366-22AA204D6B1B}.Release|x64.ActiveCfg = Release|x64
		{71321642-0DE5-3C30-B366-22AA204D6B1B}.Release|x64.Build.0 = Release|x64
		{71321642-0DE5-3C30-B366-22AA204D6B1B}.MinSizeRel|x64.ActiveCfg = MinSizeRel|x64
		{71321642-0DE5-3C30-B366-22AA204D6B1B}.MinSizeRel|x64.Build.0 = MinSizeRel|x64
		{71321642-0DE5-3C30-B366-22AA204D6B1B}.RelWithDebInfo|x64.ActiveCfg = RelWithDebInfo|x64
		{71321642-0DE5-3C30-B366-22AA204D6B1B}.RelWithDebInfo|x64.Build.0 = RelWithDebInfo|x64
		{FF4A2CFD-0D69-3C9B-8433-E2AA9DF563D1}.Debug|x64.ActiveCfg = Debug|x64
		{FF4A2CFD-0D69-3C9B-8433-E2AA9DF563D1}.Debug|x64.Build.0 = Debug|x64
		{FF4A2CFD-0D69-3C9B-8433-E2AA9DF563D1}.Release|x64.ActiveCfg = Release|x64
		{FF4A2CFD-0D69-3C9B-8433-E2AA9DF563D1}.Release|x64.Build.0 = Release|x64
		{FF4A2CFD-0D69-3C9B-8433-E2AA9DF563D1}.MinSizeRel|x64.ActiveCfg = MinSizeRel|x64
		{FF4A2CFD-0D69-3C9B-8433-E2AA9DF563D1}.MinSizeRel|x64.Build.0 = MinSizeRel|x64
		{FF4A2CFD-0D69-3C9B-8433-E2AA9DF563D1}.RelWithDebInfo|x64.ActiveCfg = RelWithDebInfo|x64
		{FF4A2CFD-0D69-3C9B-8433-E2AA9DF563D1}.RelWithDebInfo|x64.Build.0 = RelWithDebInfo|x64
		{B5E29D34-5089-3BAA-BA13-BC9C508F0F28}.Debug|x64.ActiveCfg = Debug|x64
		{B5E29D34-5089-3BAA-BA13-BC9C508F0F28}.Debug|x64.Build.0 = Debug|x64
		{B5E29D34-5089-3BAA-BA13-BC9C508F0F28}.Release|x64.ActiveCfg = Release|x64
		{B5E29D34-5089-3BAA-BA13-BC9C508F0F28}.Release|x64.Build.0 = Release|x64
		{B5E29D34-5089-3BAA-BA13-BC9C508F0F28}.MinSizeRel|x64.ActiveCfg = MinSizeRel|x64
		{B5E29D34-5089-3BAA-BA13-BC9C508F0F28}.MinSizeRel|x64.Build.0 = MinSizeRel|x64
		{B5E29D34-5089-3BAA-BA13-BC9C508F0F28}.RelWithDebInfo|x64.ActiveCfg = RelWithDebInfo|x64
		{B5E29D34-5089-3BAA-BA13-BC9C508F0F28}.RelWithDebInfo|x64.Build.0 = RelWithDebInfo|x64
		{F70225A5-D1D7-3BBC-960B-3DA4D1FC3362}.Debug|x64.ActiveCfg = Debug|x64
		{F70225A5-D1D7-3BBC-960B-3DA4D1FC3362}.Debug|x64.Build.0 = Debug|x64
		{F70225A5-D1D7-3BBC-960B-3DA4D1FC3362}.Release|x64.ActiveCfg = Release|x64
		{F70225A5-D1D7-3BBC-960B-3DA4D1FC3362}.Release|x64.Build.0 = Release|x64
		{F70225A5-D1D7-3BBC-960B-3DA4D1FC3362}.MinSizeRel|x64.ActiveCfg = MinSizeRel|x64
		{F70225A5-D1D7-3BBC-960B-3DA4D1FC3362}.MinSizeRel|x64.Build.0 = MinSizeRel|x64
		{F70225A5-D1D7-3BBC-960B-3DA4D1FC3362}.RelWithDebInfo|x64.ActiveCfg = RelWithDebInfo|x64
		{F70225A5-D1D7-3BBC-960B-3DA4D1FC3362}.RelWithDebInfo|x64.Build.0 = RelWithDebInfo|x64
		{3BA2C9EA-454F-3F71-9B5B-22C861D9C799}.Debug|x64.ActiveCfg = Debug|x64
		{3BA2C9EA-454F-3F71-9B5B-22C861D9C799}.Debug|x64.Build.0 = Debug|x64
		{3BA2C9EA-454F-3F71-9B5B-22C861D9C799}.Release|x64.ActiveCfg = Release|x64
		{3BA2C9EA-454F-3F71-9B5B-22C861D9C799}.Release|x64.Build.0 = Release|x64
		{3BA2C9EA-454F-3F71-9B5B-22C861D9C799}.MinSizeRel|x64.ActiveCfg = MinSizeRel|x64
		{3BA2C9EA-454F-3F71-9B5B-22C861D9C799}.MinSizeRel|x64.Build.0 = MinSizeRel|x64
		{3BA2C9EA-454F-3F71-9B5B-22C861D9C799}.RelWithDebInfo|x64.ActiveCfg = RelWithDebInfo|x64
		{3BA2C9EA-454F-3F71-9B5B-22C861D9C799}.RelWithDebInfo|x64.Build.0 = RelWithDebInfo|x64
		{1517975C-5E0A-3D29-A8E1-977E16BA1D2D}.Debug|x64.ActiveCfg = Debug|x64
		{1517975C-5E0A-3D29-A8E1-977E16BA1D2D}.Debug|x64.Build.0 = Debug|x64
		{1517975C-5E0A-3D29-A8E1-977E16BA1D2D}.Release|x64.ActiveCfg = Release|x64
		{1517975C-5E0A-3D29-A8E1-977E16BA1D2D}.Release|x64.Build.0 = Release|x64
		{1517975C-5E0A-3D29-A8E1-977E16BA1D2D}.MinSizeRel|x64.ActiveCfg = MinSizeRel|x64
		{1517975C-5E0A-3D29-A8E1-977E16BA1D2D}.MinSizeRel|x64.Build.0 = MinSizeRel|x64
		{1517975C-5E0A-3D29-A8E1-977E16BA1D2D}.RelWithDebInfo|x64.ActiveCfg = RelWithDebInfo|x64
		{1517975C-5E0A-3D29-A8E1-977E16BA1D2D}.RelWithDebInfo|x64.Build.0 = RelWithDebInfo|x64
		{F8C99448-672A-32FE-9E0E-B8E1C0807172}.Debug|x64.ActiveCfg = Debug|x64
		{F8C99448-672A-32FE-9E0E-B8E1C0807172}.Debug|x64.Build.0 = Debug|x64
		{F8C99448-672A-32FE-9E0E-B8E1C0807172}.Release|x64.ActiveCfg = Release|x64
		{F8C99448-672A-32FE-9E0E-B8E1C0807172}.Release|x64.Build.0 = Release|x64
		{F8C99448-672A-32FE-9E0E-B8E1C0807172}.MinSizeRel|x64.ActiveCfg = MinSizeRel|x64
		{F8C99448-672A-32FE-9E0E-B8E1C0807172}.MinSizeRel|x64.Build.0 = MinSizeRel|x64
		{F8C99448-672A-32FE-9E0E-B8E1C0807172}.RelWithDebInfo|x64.ActiveCfg = RelWithDebInfo|x64
		{F8C99448-672A-32FE-9E0E-B8E1C0807172}.RelWithDebInfo|x64.Build.0 = RelWithDebInfo|x64
		{A73FD2B7-F5E0-3035-A2B0-3DA4A7BC0117}.Debug|x64.ActiveCfg = Debug|x64
		{A73FD2B7-F5E0-3035-A2B0-3DA4A7BC0117}.Debug|x64.Build.0 = Debug|x64
		{A73FD2B7-F5E0-3035-A2B0-3DA4A7BC0117}.Release|x64.ActiveCfg = Release|x64
		{A73FD2B7-F5E0-3035-A2B0-3DA4A7BC0117}.Release|x64.Build.0 = Release|x64
		{A73FD2B7-F5E0-3035-A2B0-3DA4A7BC0117}.MinSizeRel|x64.ActiveCfg = MinSizeRel|x64
		{A73FD2B7-F5E0-3035-A2B0-3DA4A7BC0117}.MinSizeRel|x64.Build.0 = MinSizeRel|x64
		{A73FD2B7-F5E0-3035-A2B0-3DA4A7BC0117}.RelWithDebInfo|x64.ActiveCfg = RelWithDebInfo|x64
		{A73FD2B7-F5E0-3035-A2B0-3DA4A7BC0117}.RelWithDebInfo|x64.Build.0 = RelWithDebInfo|x64
		{E91F7879-5184-3641-AC15-E75B63BE02BB}.Debug|x64.ActiveCfg = Debug|x64
		{E91F7879-5184-3641-AC15-E75B63BE02BB}.Debug|x64.Build.0 = Debug|x64
		{E91F7879-5184-3641-AC15-E75B63BE02BB}.Release|x64.ActiveCfg = Release|x64
		{E91F7879-5184-3641-AC15-E75B63BE02BB}.Release|x64.Build.0 = Release|x64
		{E91F7879-5184-3641-AC15-E75B63BE02BB}.MinSizeRel|x64.ActiveCfg = MinSizeRel|x64
		{E91F7879-5184-3641-AC15-E75B63BE02BB}.MinSizeRel|x64.Build.0 = MinSizeRel|x64
		{E91F7879-5184-3641-AC15-E75B63BE02BB}.RelWithDebInfo|x64.ActiveCfg = RelWithDebInfo|x64
		{E91F7879-5184-3641-AC15-E75B63BE02BB}.RelWithDebInfo|x64.Build.0 = RelWithDebInfo|x64
		{624A96C2-7EEA-3E18-AF45-3EC77575DE74}.Debug|x64.ActiveCfg = Debug|x64
		{624A96C2-7EEA-3E18-AF45-3EC77575DE74}.Debug|x64.Build.0 = Debug|x64
		{624A96C2-7EEA-3E18-AF45-3EC77575DE74}.Release|x64.ActiveCfg = Release|x64
		{624A96C2-7EEA-3E18-AF45-3EC77575DE74}.Release|x64.Build.0 = Release|x64
		{624A96C2-7EEA-3E18-AF45-3EC77575DE74}.MinSizeRel|x64.ActiveCfg = MinSizeRel|x64
		{624A96C2-7EEA-3E18-AF45-3EC77575DE74}.MinSizeRel|x64.Build.0 = MinSizeRel|x64
		{624A96C2-7EEA-3E18-AF45-3EC77575DE74}.RelWithDebInfo|x64.ActiveCfg = RelWithDebInfo|x64
		{624A96C2-7EEA-3E18-AF45-3EC77575DE74}.RelWithDebInfo|x64.Build.0 = RelWithDebInfo|x64
		{F4AB3610-EBCB-3B34-A4FE-21363505919B}.Debug|x64.ActiveCfg = Debug|x64
		{F4AB3610-EBCB-3B34-A4FE-21363505919B}.Debug|x64.Build.0 = Debug|x64
		{F4AB3610-EBCB-3B34-A4FE-21363505919B}.Release|x64.ActiveCfg = Release|x64
		{F4AB3610-EBCB-3B34-A4FE-21363505919B}.Release|x64.Build.0 = Release|x64
		{F4AB3610-EBCB-3B34-A4FE-21363505919B}.MinSizeRel|x64.ActiveCfg = MinSizeRel|x64
		{F4AB3610-EBCB-3B34-A4FE-21363505919B}.MinSizeRel|x64.Build.0 = MinSizeRel|x64
		{F4AB3610-EBCB-3B34-A4FE-21363505919B}.RelWithDebInfo|x64.ActiveCfg = RelWithDebInfo|x64
		{F4AB3610-EBCB-3B34-A4FE-21363505919B}.RelWithDebInfo|x64.Build.0 = RelWithDebInfo|x64
		{DB4705F7-ECEB-3436-8A2F-A72B34FC2640}.Debug|x64.ActiveCfg = Debug|x64
		{DB4705F7-ECEB-3436-8A2F-A72B34FC2640}.Debug|x64.Build.0 = Debug|x64
		{DB4705F7-ECEB-3436-8A2F-A72B34FC2640}.Release|x64.ActiveCfg = Release|x64
		{DB4705F7-ECEB-3436-8A2F-A72B34FC2640}.Release|x64.Build.0 = Release|x64
		{DB4705F7-ECEB-3436-8A2F-A72B34FC2640}.MinSizeRel|x64.ActiveCfg = MinSizeRel|x64
		{DB4705F7-ECEB-3436-8A2F-A72B34FC2640}.MinSizeRel|x64.Build.0 = MinSizeRel|x64
		{DB4705F7-ECEB-3436-8A2F-A72B34FC2640}.RelWithDebInfo|x64.ActiveCfg = RelWithDebInfo|x64
		{DB4705F7-ECEB-3436-8A2F-A72B34FC2640}.RelWithDebInfo|x64.Build.0 = RelWithDebInfo|x64
		{87D4F9AA-E875-353A-9C57-BE218CE1D990}.Debug|x64.ActiveCfg = Debug|x64
		{87D4F9AA-E875-353A-9C57-BE218CE1D990}.Debug|x64.Build.0 = Debug|x64
		{87D4F9AA-E875-353A-9C57-BE218CE1D990}.Release|x64.ActiveCfg = Release|x64
		{87D4F9AA-E875-353A-9C57-BE218CE1D990}.Release|x64.Build.0 = Release|x64
		{87D4F9AA-E875-353A-9C57-BE218CE1D990}.MinSizeRel|x64.ActiveCfg = MinSizeRel|x64
		{87D4F9AA-E875-353A-9C57-BE218CE1D990}.MinSizeRel|x64.Build.0 = MinSizeRel|x64
		{87D4F9AA-E875-353A-9C57-BE218CE1D990}.RelWithDebInfo|x64.ActiveCfg = RelWithDebInfo|x64
		{87D4F9AA-E875-353A-9C57-BE218CE1D990}.RelWithDebInfo|x64.Build.0 = RelWithDebInfo|x64
		{7BAAF412-52DB-3A2F-8B4B-7497701BB674}.Debug|x64.ActiveCfg = Debug|x64
		{7BAAF412-52DB-3A2F-8B4B-7497701BB674}.Debug|x64.Build.0 = Debug|x64
		{7BAAF412-52DB-3A2F-8B4B-7497701BB674}.Release|x64.ActiveCfg = Release|x64
		{7BAAF412-52DB-3A2F-8B4B-7497701BB674}.Release|x64.Build.0 = Release|x64
		{7BAAF412-52DB-3A2F-8B4B-7497701BB674}.MinSizeRel|x64.ActiveCfg = MinSizeRel|x64
		{7BAAF412-52DB-3A2F-8B4B-7497701BB674}.MinSizeRel|x64.Build.0 = MinSizeRel|x64
		{7BAAF412-52DB-3A2F-8B4B-7497701BB674}.RelWithDebInfo|x64.ActiveCfg = RelWithDebInfo|x64
		{7BAAF412-52DB-3A2F-8B4B-7497701BB674}.RelWithDebInfo|x64.Build.0 = RelWithDebInfo|x64
		{FED9C6FB-4124-3879-9608-402A6EB6C44D}.Debug|x64.ActiveCfg = Debug|x64
		{FED9C6FB-4124-3879-9608-402A6EB6C44D}.Debug|x64.Build.0 = Debug|x64
		{FED9C6FB-4124-3879-9608-402A6EB6C44D}.Release|x64.ActiveCfg = Release|x64
		{FED9C6FB-4124-3879-9608-402A6EB6C44D}.Release|x64.Build.0 = Release|x64
		{FED9C6FB-4124-3879-9608-402A6EB6C44D}.MinSizeRel|x64.ActiveCfg = MinSizeRel|x64
		{FED9C6FB-4124-3879-9608-402A6EB6C44D}.MinSizeRel|x64.Build.0 = MinSizeRel|x64
		{FED9C6FB-4124-3879-9608-402A6EB6C44D}.RelWithDebInfo|x64.ActiveCfg = RelWithDebInfo|x64
		{FED9C6FB-4124-3879-9608-402A6EB6C44D}.RelWithDebInfo|x64.Build.0 = RelWithDebInfo|x64
		{16FDB916-272D-3B03-8CB0-83641A6B0763}.Debug|x64.ActiveCfg = Debug|x64
		{16FDB916-272D-3B03-8CB0-83641A6B0763}.Debug|x64.Build.0 = Debug|x64
		{16FDB916-272D-3B03-8CB0-83641A6B0763}.Release|x64.ActiveCfg = Release|x64
		{16FDB916-272D-3B03-8CB0-83641A6B0763}.Release|x64.Build.0 = Release|x64
		{16FDB916-272D-3B03-8CB0-83641A6B0763}.MinSizeRel|x64.ActiveCfg = MinSizeRel|x64
		{16FDB916-272D-3B03-8CB0-83641A6B0763}.MinSizeRel|x64.Build.0 = MinSizeRel|x64
		{16FDB916-272D-3B03-8CB0-83641A6B0763}.RelWithDebInfo|x64.ActiveCfg = RelWithDebInfo|x64
		{16FDB916-272D-3B03-8CB0-83641A6B0763}.RelWithDebInfo|x64.Build.0 = RelWithDebInfo|x64
		{0A90F55C-AEBC-3429-8ACA-01DF3342395B}.Debug|x64.ActiveCfg = Debug|x64
		{0A90F55C-AEBC-3429-8ACA-01DF3342395B}.Debug|x64.Build.0 = Debug|x64
		{0A90F55C-AEBC-3429-8ACA-01DF3342395B}.Release|x64.ActiveCfg = Release|x64
		{0A90F55C-AEBC-3429-8ACA-01DF3342395B}.Release|x64.Build.0 = Release|x64
		{0A90F55C-AEBC-3429-8ACA-01DF3342395B}.MinSizeRel|x64.ActiveCfg = MinSizeRel|x64
		{0A90F55C-AEBC-3429-8ACA-01DF3342395B}.MinSizeRel|x64.Build.0 = MinSizeRel|x64
		{0A90F55C-AEBC-3429-8ACA-01DF3342395B}.RelWithDebInfo|x64.ActiveCfg = RelWithDebInfo|x64
		{0A90F55C-AEBC-3429-8ACA-01DF3342395B}.RelWithDebInfo|x64.Build.0 = RelWithDebInfo|x64
		{D99A3957-A3FD-39B2-B18D-65D1FB6AF414}.Debug|x64.ActiveCfg = Debug|x64
		{D99A3957-A3FD-39B2-B18D-65D1FB6AF414}.Debug|x64.Build.0 = Debug|x64
		{D99A3957-A3FD-39B2-B18D-65D1FB6AF414}.Release|x64.ActiveCfg = Release|x64
		{D99A3957-A3FD-39B2-B18D-65D1FB6AF414}.Release|x64.Build.0 = Release|x64
		{D99A3957-A3FD-39B2-B18D-65D1FB6AF414}.MinSizeRel|x64.ActiveCfg = MinSizeRel|x64
		{D99A3957-A3FD-39B2-B18D-65D1FB6AF414}.MinSizeRel|x64.Build.0 = MinSizeRel|x64
		{D99A3957-A3FD-39B2-B18D-65D1FB6AF414}.RelWithDebInfo|x64.ActiveCfg = RelWithDebInfo|x64
		{D99A3957-A3FD-39B2-B18D-65D1FB6AF414}.RelWithDebInfo|x64.Build.0 = RelWithDebInfo|x64
		{8782A35F-FEF4-3249-8F34-91961513E1DC}.Debug|x64.ActiveCfg = Debug|x64
		{8782A35F-FEF4-3249-8F34-91961513E1DC}.Debug|x64.Build.0 = Debug|x64
		{8782A35F-FEF4-3249-8F34-91961513E1DC}.Release|x64.ActiveCfg = Release|x64
		{8782A35F-FEF4-3249-8F34-91961513E1DC}.Release|x64.Build.0 = Release|x64
		{8782A35F-FEF4-3249-8F34-91961513E1DC}.MinSizeRel|x64.ActiveCfg = MinSizeRel|x64
		{8782A35F-FEF4-3249-8F34-91961513E1DC}.MinSizeRel|x64.Build.0 = MinSizeRel|x64
		{8782A35F-FEF4-3249-8F34-91961513E1DC}.RelWithDebInfo|x64.ActiveCfg = RelWithDebInfo|x64
		{8782A35F-FEF4-3249-8F34-91961513E1DC}.RelWithDebInfo|x64.Build.0 = RelWithDebInfo|x64
		{F9C59756-0E4F-3622-B5FC-2634A82360F2}.Debug|x64.ActiveCfg = Debug|x64
		{F9C59756-0E4F-3622-B5FC-2634A82360F2}.Debug|x64.Build.0 = Debug|x64
		{F9C59756-0E4F-3622-B5FC-2634A82360F2}.Release|x64.ActiveCfg = Release|x64
		{F9C59756-0E4F-3622-B5FC-2634A82360F2}.Release|x64.Build.0 = Release|x64
		{F9C59756-0E4F-3622-B5FC-2634A82360F2}.MinSizeRel|x64.ActiveCfg = MinSizeRel|x64
		{F9C59756-0E4F-3622-B5FC-2634A82360F2}.MinSizeRel|x64.Build.0 = MinSizeRel|x64
		{F9C59756-0E4F-3622-B5FC-2634A82360F2}.RelWithDebInfo|x64.ActiveCfg = RelWithDebInfo|x64
		{F9C59756-0E4F-3622-B5FC-2634A82360F2}.RelWithDebInfo|x64.Build.0 = RelWithDebInfo|x64
		{CAC14685-BB72-3A21-B1D2-E98C3D120E75}.Debug|x64.ActiveCfg = Debug|x64
		{CAC14685-BB72-3A21-B1D2-E98C3D120E75}.Debug|x64.Build.0 = Debug|x64
		{CAC14685-BB72-3A21-B1D2-E98C3D120E75}.Release|x64.ActiveCfg = Release|x64
		{CAC14685-BB72-3A21-B1D2-E98C3D120E75}.Release|x64.Build.0 = Release|x64
		{CAC14685-BB72-3A21-B1D2-E98C3D120E75}.MinSizeRel|x64.ActiveCfg = MinSizeRel|x64
		{CAC14685-BB72-3A21-B1D2-E98C3D120E75}.MinSizeRel|x64.Build.0 = MinSizeRel|x64
		{CAC14685-BB72-3A21-B1D2-E98C3D120E75}.RelWithDebInfo|x64.ActiveCfg = RelWithDebInfo|x64
		{CAC14685-BB72-3A21-B1D2-E98C3D120E75}.RelWithDebInfo|x64.Build.0 = RelWithDebInfo|x64
		{6A7B62C8-FC65-3C63-9298-57694D80F78F}.Debug|x64.ActiveCfg = Debug|x64
		{6A7B62C8-FC65-3C63-9298-57694D80F78F}.Debug|x64.Build.0 = Debug|x64
		{6A7B62C8-FC65-3C63-9298-57694D80F78F}.Release|x64.ActiveCfg = Release|x64
		{6A7B62C8-FC65-3C63-9298-57694D80F78F}.Release|x64.Build.0 = Release|x64
		{6A7B62C8-FC65-3C63-9298-57694D80F78F}.MinSizeRel|x64.ActiveCfg = MinSizeRel|x64
		{6A7B62C8-FC65-3C63-9298-57694D80F78F}.MinSizeRel|x64.Build.0 = MinSizeRel|x64
		{6A7B62C8-FC65-3C63-9298-57694D80F78F}.RelWithDebInfo|x64.ActiveCfg = RelWithDebInfo|x64
		{6A7B62C8-FC65-3C63-9298-57694D80F78F}.RelWithDebInfo|x64.Build.0 = RelWithDebInfo|x64
		{D848FDC8-6EB7-3E54-A783-2810F3371622}.Debug|x64.ActiveCfg = Debug|x64
		{D848FDC8-6EB7-3E54-A783-2810F3371622}.Debug|x64.Build.0 = Debug|x64
		{D848FDC8-6EB7-3E54-A783-2810F3371622}.Release|x64.ActiveCfg = Release|x64
		{D848FDC8-6EB7-3E54-A783-2810F3371622}.Release|x64.Build.0 = Release|x64
		{D848FDC8-6EB7-3E54-A783-2810F3371622}.MinSizeRel|x64.ActiveCfg = MinSizeRel|x64
		{D848FDC8-6EB7-3E54-A783-2810F3371622}.MinSizeRel|x64.Build.0 = MinSizeRel|x64
		{D848FDC8-6EB7-3E54-A783-2810F3371622}.RelWithDebInfo|x64.ActiveCfg = RelWithDebInfo|x64
		{D848FDC8-6EB7-3E54-A783-2810F3371622}.RelWithDebInfo|x64.Build.0 = RelWithDebInfo|x64
		{D6F0CD56-0CE0-31A4-884B-2AA19E0607EA}.Debug|x64.ActiveCfg = Debug|x64
		{D6F0CD56-0CE0-31A4-884B-2AA19E0607EA}.Debug|x64.Build.0 = Debug|x64
		{D6F0CD56-0CE0-31A4-884B-2AA19E0607EA}.Release|x64.ActiveCfg = Release|x64
		{D6F0CD56-0CE0-31A4-884B-2AA19E0607EA}.Release|x64.Build.0 = Release|x64
		{D6F0CD56-0CE0-31A4-884B-2AA19E0607EA}.MinSizeRel|x64.ActiveCfg = MinSizeRel|x64
		{D6F0CD56-0CE0-31A4-884B-2AA19E0607EA}.MinSizeRel|x64.Build.0 = MinSizeRel|x64
		{D6F0CD56-0CE0-31A4-884B-2AA19E0607EA}.RelWithDebInfo|x64.ActiveCfg = RelWithDebInfo|x64
		{D6F0CD56-0CE0-31A4-884B-2AA19E0607EA}.RelWithDebInfo|x64.Build.0 = RelWithDebInfo|x64
		{548B9C50-FF1A-3AC9-A445-74CA39D88B35}.Debug|x64.ActiveCfg = Debug|x64
		{548B9C50-FF1A-3AC9-A445-74CA39D88B35}.Debug|x64.Build.0 = Debug|x64
		{548B9C50-FF1A-3AC9-A445-74CA39D88B35}.Release|x64.ActiveCfg = Release|x64
		{548B9C50-FF1A-3AC9-A445-74CA39D88B35}.Release|x64.Build.0 = Release|x64
		{548B9C50-FF1A-3AC9-A445-74CA39D88B35}.MinSizeRel|x64.ActiveCfg = MinSizeRel|x64
		{548B9C50-FF1A-3AC9-A445-74CA39D88B35}.MinSizeRel|x64.Build.0 = MinSizeRel|x64
		{548B9C50-FF1A-3AC9-A445-74CA39D88B35}.RelWithDebInfo|x64.ActiveCfg = RelWithDebInfo|x64
		{548B9C50-FF1A-3AC9-A445-74CA39D88B35}.RelWithDebInfo|x64.Build.0 = RelWithDebInfo|x64
		{6A4E681B-3EF0-3FB0-978E-FB3A0991F3E3}.Debug|x64.ActiveCfg = Debug|x64
		{6A4E681B-3EF0-3FB0-978E-FB3A0991F3E3}.Debug|x64.Build.0 = Debug|x64
		{6A4E681B-3EF0-3FB0-978E-FB3A0991F3E3}.Release|x64.ActiveCfg = Release|x64
		{6A4E681B-3EF0-3FB0-978E-FB3A0991F3E3}.Release|x64.Build.0 = Release|x64
		{6A4E681B-3EF0-3FB0-978E-FB3A0991F3E3}.MinSizeRel|x64.ActiveCfg = MinSizeRel|x64
		{6A4E681B-3EF0-3FB0-978E-FB3A0991F3E3}.MinSizeRel|x64.Build.0 = MinSizeRel|x64
		{6A4E681B-3EF0-3FB0-978E-FB3A0991F3E3}.RelWithDebInfo|x64.ActiveCfg = RelWithDebInfo|x64
		{6A4E681B-3EF0-3FB0-978E-FB3A0991F3E3}.RelWithDebInfo|x64.Build.0 = RelWithDebInfo|x64
		{A9B33ABF-D500-35B4-98F2-C304AA87B876}.Debug|x64.ActiveCfg = Debug|x64
		{A9B33ABF-D500-35B4-98F2-C304AA87B876}.Debug|x64.Build.0 = Debug|x64
		{A9B33ABF-D500-35B4-98F2-C304AA87B876}.Release|x64.ActiveCfg = Release|x64
		{A9B33ABF-D500-35B4-98F2-C304AA87B876}.Release|x64.Build.0 = Release|x64
		{A9B33ABF-D500-35B4-98F2-C304AA87B876}.MinSizeRel|x64.ActiveCfg = MinSizeRel|x64
		{A9B33ABF-D500-35B4-98F2-C304AA87B876}.MinSizeRel|x64.Build.0 = MinSizeRel|x64
		{A9B33ABF-D500-35B4-98F2-C304AA87B876}.RelWithDebInfo|x64.ActiveCfg = RelWithDebInfo|x64
		{A9B33ABF-D500-35B4-98F2-C304AA87B876}.RelWithDebInfo|x64.Build.0 = RelWithDebInfo|x64
		{37839768-F231-3697-BFE5-F81C6AF764C7}.Debug|x64.ActiveCfg = Debug|x64
		{37839768-F231-3697-BFE5-F81C6AF764C7}.Debug|x64.Build.0 = Debug|x64
		{37839768-F231-3697-BFE5-F81C6AF764C7}.Release|x64.ActiveCfg = Release|x64
		{37839768-F231-3697-BFE5-F81C6AF764C7}.Release|x64.Build.0 = Release|x64
		{37839768-F231-3697-BFE5-F81C6AF764C7}.MinSizeRel|x64.ActiveCfg = MinSizeRel|x64
		{37839768-F231-3697-BFE5-F81C6AF764C7}.MinSizeRel|x64.Build.0 = MinSizeRel|x64
		{37839768-F231-3697-BFE5-F81C6AF764C7}.RelWithDebInfo|x64.ActiveCfg = RelWithDebInfo|x64
		{37839768-F231-3697-BFE5-F81C6AF764C7}.RelWithDebInfo|x64.Build.0 = RelWithDebInfo|x64
		{CDF28B1A-EADC-3292-B43F-C7A75AD0E68F}.Debug|x64.ActiveCfg = Debug|x64
		{CDF28B1A-EADC-3292-B43F-C7A75AD0E68F}.Debug|x64.Build.0 = Debug|x64
		{CDF28B1A-EADC-3292-B43F-C7A75AD0E68F}.Release|x64.ActiveCfg = Release|x64
		{CDF28B1A-EADC-3292-B43F-C7A75AD0E68F}.Release|x64.Build.0 = Release|x64
		{CDF28B1A-EADC-3292-B43F-C7A75AD0E68F}.MinSizeRel|x64.ActiveCfg = MinSizeRel|x64
		{CDF28B1A-EADC-3292-B43F-C7A75AD0E68F}.MinSizeRel|x64.Build.0 = MinSizeRel|x64
		{CDF28B1A-EADC-3292-B43F-C7A75AD0E68F}.RelWithDebInfo|x64.ActiveCfg = RelWithDebInfo|x64
		{CDF28B1A-EADC-3292-B43F-C7A75AD0E68F}.RelWithDebInfo|x64.Build.0 = RelWithDebInfo|x64
		{5EBA8906-3543-312D-BCB7-66045F3578F1}.Debug|x64.ActiveCfg = Debug|x64
		{5EBA8906-3543-312D-BCB7-66045F3578F1}.Debug|x64.Build.0 = Debug|x64
		{5EBA8906-3543-312D-BCB7-66045F3578F1}.Release|x64.ActiveCfg = Release|x64
		{5EBA8906-3543-312D-BCB7-66045F3578F1}.Release|x64.Build.0 = Release|x64
		{5EBA8906-3543-312D-BCB7-66045F3578F1}.MinSizeRel|x64.ActiveCfg = MinSizeRel|x64
		{5EBA8906-3543-312D-BCB7-66045F3578F1}.MinSizeRel|x64.Build.0 = MinSizeRel|x64
		{5EBA8906-3543-312D-BCB7-66045F3578F1}.RelWithDebInfo|x64.ActiveCfg = RelWithDebInfo|x64
		{5EBA8906-3543-312D-BCB7-66045F3578F1}.RelWithDebInfo|x64.Build.0 = RelWithDebInfo|x64
		{9E6B926A-BFA9-3188-9E61-CFD6544677C1}.Debug|x64.ActiveCfg = Debug|x64
		{9E6B926A-BFA9-3188-9E61-CFD6544677C1}.Debug|x64.Build.0 = Debug|x64
		{9E6B926A-BFA9-3188-9E61-CFD6544677C1}.Release|x64.ActiveCfg = Release|x64
		{9E6B926A-BFA9-3188-9E61-CFD6544677C1}.Release|x64.Build.0 = Release|x64
		{9E6B926A-BFA9-3188-9E61-CFD6544677C1}.MinSizeRel|x64.ActiveCfg = MinSizeRel|x64
		{9E6B926A-BFA9-3188-9E61-CFD6544677C1}.MinSizeRel|x64.Build.0 = MinSizeRel|x64
		{9E6B926A-BFA9-3188-9E61-CFD6544677C1}.RelWithDebInfo|x64.ActiveCfg = RelWithDebInfo|x64
		{9E6B926A-BFA9-3188-9E61-CFD6544677C1}.RelWithDebInfo|x64.Build.0 = RelWithDebInfo|x64
		{7A5D3AD6-8F91-33D9-8E3F-6F5942CDF729}.Debug|x64.ActiveCfg = Debug|x64
		{7A5D3AD6-8F91-33D9-8E3F-6F5942CDF729}.Debug|x64.Build.0 = Debug|x64
		{7A5D3AD6-8F91-33D9-8E3F-6F5942CDF729}.Release|x64.ActiveCfg = Release|x64
		{7A5D3AD6-8F91-33D9-8E3F-6F5942CDF729}.Release|x64.Build.0 = Release|x64
		{7A5D3AD6-8F91-33D9-8E3F-6F5942CDF729}.MinSizeRel|x64.ActiveCfg = MinSizeRel|x64
		{7A5D3AD6-8F91-33D9-8E3F-6F5942CDF729}.MinSizeRel|x64.Build.0 = MinSizeRel|x64
		{7A5D3AD6-8F91-33D9-8E3F-6F5942CDF729}.RelWithDebInfo|x64.ActiveCfg = RelWithDebInfo|x64
		{7A5D3AD6-8F91-33D9-8E3F-6F5942CDF729}.RelWithDebInfo|x64.Build.0 = RelWithDebInfo|x64
		{5AA4C4BA-BFE5-3BAB-85AE-7871B3907546}.Debug|x64.ActiveCfg = Debug|x64
		{5AA4C4BA-BFE5-3BAB-85AE-7871B3907546}.Debug|x64.Build.0 = Debug|x64
		{5AA4C4BA-BFE5-3BAB-85AE-7871B3907546}.Release|x64.ActiveCfg = Release|x64
		{5AA4C4BA-BFE5-3BAB-85AE-7871B3907546}.Release|x64.Build.0 = Release|x64
		{5AA4C4BA-BFE5-3BAB-85AE-7871B3907546}.MinSizeRel|x64.ActiveCfg = MinSizeRel|x64
		{5AA4C4BA-BFE5-3BAB-85AE-7871B3907546}.MinSizeRel|x64.Build.0 = MinSizeRel|x64
		{5AA4C4BA-BFE5-3BAB-85AE-7871B3907546}.RelWithDebInfo|x64.ActiveCfg = RelWithDebInfo|x64
		{5AA4C4BA-BFE5-3BAB-85AE-7871B3907546}.RelWithDebInfo|x64.Build.0 = RelWithDebInfo|x64
		{0A50603C-986C-3D41-B372-D7726E7DC4F4}.Debug|x64.ActiveCfg = Debug|x64
		{0A50603C-986C-3D41-B372-D7726E7DC4F4}.Debug|x64.Build.0 = Debug|x64
		{0A50603C-986C-3D41-B372-D7726E7DC4F4}.Release|x64.ActiveCfg = Release|x64
		{0A50603C-986C-3D41-B372-D7726E7DC4F4}.Release|x64.Build.0 = Release|x64
		{0A50603C-986C-3D41-B372-D7726E7DC4F4}.MinSizeRel|x64.ActiveCfg = MinSizeRel|x64
		{0A50603C-986C-3D41-B372-D7726E7DC4F4}.MinSizeRel|x64.Build.0 = MinSizeRel|x64
		{0A50603C-986C-3D41-B372-D7726E7DC4F4}.RelWithDebInfo|x64.ActiveCfg = RelWithDebInfo|x64
		{0A50603C-986C-3D41-B372-D7726E7DC4F4}.RelWithDebInfo|x64.Build.0 = RelWithDebInfo|x64
		{344DF73D-DA2E-3290-B946-1A600BAB0D70}.Debug|x64.ActiveCfg = Debug|x64
		{344DF73D-DA2E-3290-B946-1A600BAB0D70}.Debug|x64.Build.0 = Debug|x64
		{344DF73D-DA2E-3290-B946-1A600BAB0D70}.Release|x64.ActiveCfg = Release|x64
		{344DF73D-DA2E-3290-B946-1A600BAB0D70}.Release|x64.Build.0 = Release|x64
		{344DF73D-DA2E-3290-B946-1A600BAB0D70}.MinSizeRel|x64.ActiveCfg = MinSizeRel|x64
		{344DF73D-DA2E-3290-B946-1A600BAB0D70}.MinSizeRel|x64.Build.0 = MinSizeRel|x64
		{344DF73D-DA2E-3290-B946-1A600BAB0D70}.RelWithDebInfo|x64.ActiveCfg = RelWithDebInfo|x64
		{344DF73D-DA2E-3290-B946-1A600BAB0D70}.RelWithDebInfo|x64.Build.0 = RelWithDebInfo|x64
		{92F4EC35-08F0-3D65-B796-5BA96FCB5715}.Debug|x64.ActiveCfg = Debug|x64
		{92F4EC35-08F0-3D65-B796-5BA96FCB5715}.Debug|x64.Build.0 = Debug|x64
		{92F4EC35-08F0-3D65-B796-5BA96FCB5715}.Release|x64.ActiveCfg = Release|x64
		{92F4EC35-08F0-3D65-B796-5BA96FCB5715}.Release|x64.Build.0 = Release|x64
		{92F4EC35-08F0-3D65-B796-5BA96FCB5715}.MinSizeRel|x64.ActiveCfg = MinSizeRel|x64
		{92F4EC35-08F0-3D65-B796-5BA96FCB5715}.MinSizeRel|x64.Build.0 = MinSizeRel|x64
		{92F4EC35-08F0-3D65-B796-5BA96FCB5715}.RelWithDebInfo|x64.ActiveCfg = RelWithDebInfo|x64
		{92F4EC35-08F0-3D65-B796-5BA96FCB5715}.RelWithDebInfo|x64.Build.0 = RelWithDebInfo|x64
		{42B1C085-F015-3F73-8B36-C80166F27C83}.Debug|x64.ActiveCfg = Debug|x64
		{42B1C085-F015-3F73-8B36-C80166F27C83}.Debug|x64.Build.0 = Debug|x64
		{42B1C085-F015-3F73-8B36-C80166F27C83}.Release|x64.ActiveCfg = Release|x64
		{42B1C085-F015-3F73-8B36-C80166F27C83}.Release|x64.Build.0 = Release|x64
		{42B1C085-F015-3F73-8B36-C80166F27C83}.MinSizeRel|x64.ActiveCfg = MinSizeRel|x64
		{42B1C085-F015-3F73-8B36-C80166F27C83}.MinSizeRel|x64.Build.0 = MinSizeRel|x64
		{42B1C085-F015-3F73-8B36-C80166F27C83}.RelWithDebInfo|x64.ActiveCfg = RelWithDebInfo|x64
		{42B1C085-F015-3F73-8B36-C80166F27C83}.RelWithDebInfo|x64.Build.0 = RelWithDebInfo|x64
		{AEF61D6A-4C0E-3F59-971D-FF0F98BEA129}.Debug|x64.ActiveCfg = Debug|x64
		{AEF61D6A-4C0E-3F59-971D-FF0F98BEA129}.Debug|x64.Build.0 = Debug|x64
		{AEF61D6A-4C0E-3F59-971D-FF0F98BEA129}.Release|x64.ActiveCfg = Release|x64
		{AEF61D6A-4C0E-3F59-971D-FF0F98BEA129}.Release|x64.Build.0 = Release|x64
		{AEF61D6A-4C0E-3F59-971D-FF0F98BEA129}.MinSizeRel|x64.ActiveCfg = MinSizeRel|x64
		{AEF61D6A-4C0E-3F59-971D-FF0F98BEA129}.MinSizeRel|x64.Build.0 = MinSizeRel|x64
		{AEF61D6A-4C0E-3F59-971D-FF0F98BEA129}.RelWithDebInfo|x64.ActiveCfg = RelWithDebInfo|x64
		{AEF61D6A-4C0E-3F59-971D-FF0F98BEA129}.RelWithDebInfo|x64.Build.0 = RelWithDebInfo|x64
		{2F3F8BCE-34A2-3171-9DEE-01E0889BB5EE}.Debug|x64.ActiveCfg = Debug|x64
		{2F3F8BCE-34A2-3171-9DEE-01E0889BB5EE}.Debug|x64.Build.0 = Debug|x64
		{2F3F8BCE-34A2-3171-9DEE-01E0889BB5EE}.Release|x64.ActiveCfg = Release|x64
		{2F3F8BCE-34A2-3171-9DEE-01E0889BB5EE}.Release|x64.Build.0 = Release|x64
		{2F3F8BCE-34A2-3171-9DEE-01E0889BB5EE}.MinSizeRel|x64.ActiveCfg = MinSizeRel|x64
		{2F3F8BCE-34A2-3171-9DEE-01E0889BB5EE}.MinSizeRel|x64.Build.0 = MinSizeRel|x64
		{2F3F8BCE-34A2-3171-9DEE-01E0889BB5EE}.RelWithDebInfo|x64.ActiveCfg = RelWithDebInfo|x64
		{2F3F8BCE-34A2-3171-9DEE-01E0889BB5EE}.RelWithDebInfo|x64.Build.0 = RelWithDebInfo|x64
		{2F61048D-A323-365A-BE24-4AA38A8AF6B0}.Debug|x64.ActiveCfg = Debug|x64
		{2F61048D-A323-365A-BE24-4AA38A8AF6B0}.Debug|x64.Build.0 = Debug|x64
		{2F61048D-A323-365A-BE24-4AA38A8AF6B0}.Release|x64.ActiveCfg = Release|x64
		{2F61048D-A323-365A-BE24-4AA38A8AF6B0}.Release|x64.Build.0 = Release|x64
		{2F61048D-A323-365A-BE24-4AA38A8AF6B0}.MinSizeRel|x64.ActiveCfg = MinSizeRel|x64
		{2F61048D-A323-365A-BE24-4AA38A8AF6B0}.MinSizeRel|x64.Build.0 = MinSizeRel|x64
		{2F61048D-A323-365A-BE24-4AA38A8AF6B0}.RelWithDebInfo|x64.ActiveCfg = RelWithDebInfo|x64
		{2F61048D-A323-365A-BE24-4AA38A8AF6B0}.RelWithDebInfo|x64.Build.0 = RelWithDebInfo|x64
		{0E2A9201-C38B-38E4-A835-46A16174B855}.Debug|x64.ActiveCfg = Debug|x64
		{0E2A9201-C38B-38E4-A835-46A16174B855}.Debug|x64.Build.0 = Debug|x64
		{0E2A9201-C38B-38E4-A835-46A16174B855}.Release|x64.ActiveCfg = Release|x64
		{0E2A9201-C38B-38E4-A835-46A16174B855}.Release|x64.Build.0 = Release|x64
		{0E2A9201-C38B-38E4-A835-46A16174B855}.MinSizeRel|x64.ActiveCfg = MinSizeRel|x64
		{0E2A9201-C38B-38E4-A835-46A16174B855}.MinSizeRel|x64.Build.0 = MinSizeRel|x64
		{0E2A9201-C38B-38E4-A835-46A16174B855}.RelWithDebInfo|x64.ActiveCfg = RelWithDebInfo|x64
		{0E2A9201-C38B-38E4-A835-46A16174B855}.RelWithDebInfo|x64.Build.0 = RelWithDebInfo|x64
		{4352955C-74FC-3EE9-B91A-4B5722465078}.Debug|x64.ActiveCfg = Debug|x64
		{4352955C-74FC-3EE9-B91A-4B5722465078}.Debug|x64.Build.0 = Debug|x64
		{4352955C-74FC-3EE9-B91A-4B5722465078}.Release|x64.ActiveCfg = Release|x64
		{4352955C-74FC-3EE9-B91A-4B5722465078}.Release|x64.Build.0 = Release|x64
		{4352955C-74FC-3EE9-B91A-4B5722465078}.MinSizeRel|x64.ActiveCfg = MinSizeRel|x64
		{4352955C-74FC-3EE9-B91A-4B5722465078}.MinSizeRel|x64.Build.0 = MinSizeRel|x64
		{4352955C-74FC-3EE9-B91A-4B5722465078}.RelWithDebInfo|x64.ActiveCfg = RelWithDebInfo|x64
		{4352955C-74FC-3EE9-B91A-4B5722465078}.RelWithDebInfo|x64.Build.0 = RelWithDebInfo|x64
		{71877CDA-0294-396E-B7C2-72F19E22C820}.Debug|x64.ActiveCfg = Debug|x64
		{71877CDA-0294-396E-B7C2-72F19E22C820}.Debug|x64.Build.0 = Debug|x64
		{71877CDA-0294-396E-B7C2-72F19E22C820}.Release|x64.ActiveCfg = Release|x64
		{71877CDA-0294-396E-B7C2-72F19E22C820}.Release|x64.Build.0 = Release|x64
		{71877CDA-0294-396E-B7C2-72F19E22C820}.MinSizeRel|x64.ActiveCfg = MinSizeRel|x64
		{71877CDA-0294-396E-B7C2-72F19E22C820}.MinSizeRel|x64.Build.0 = MinSizeRel|x64
		{71877CDA-0294-396E-B7C2-72F19E22C820}.RelWithDebInfo|x64.ActiveCfg = RelWithDebInfo|x64
		{71877CDA-0294-396E-B7C2-72F19E22C820}.RelWithDebInfo|x64.Build.0 = RelWithDebInfo|x64
		{26C897AD-C1DC-3BAF-ADFC-0E32727E333B}.Debug|x64.ActiveCfg = Debug|x64
		{26C897AD-C1DC-3BAF-ADFC-0E32727E333B}.Debug|x64.Build.0 = Debug|x64
		{26C897AD-C1DC-3BAF-ADFC-0E32727E333B}.Release|x64.ActiveCfg = Release|x64
		{26C897AD-C1DC-3BAF-ADFC-0E32727E333B}.Release|x64.Build.0 = Release|x64
		{26C897AD-C1DC-3BAF-ADFC-0E32727E333B}.MinSizeRel|x64.ActiveCfg = MinSizeRel|x64
		{26C897AD-C1DC-3BAF-ADFC-0E32727E333B}.MinSizeRel|x64.Build.0 = MinSizeRel|x64
		{26C897AD-C1DC-3BAF-ADFC-0E32727E333B}.RelWithDebInfo|x64.ActiveCfg = RelWithDebInfo|x64
		{26C897AD-C1DC-3BAF-ADFC-0E32727E333B}.RelWithDebInfo|x64.Build.0 = RelWithDebInfo|x64
		{7E1E288C-8456-3EB5-B016-13E9275C4287}.Debug|x64.ActiveCfg = Debug|x64
		{7E1E288C-8456-3EB5-B016-13E9275C4287}.Debug|x64.Build.0 = Debug|x64
		{7E1E288C-8456-3EB5-B016-13E9275C4287}.Release|x64.ActiveCfg = Release|x64
		{7E1E288C-8456-3EB5-B016-13E9275C4287}.Release|x64.Build.0 = Release|x64
		{7E1E288C-8456-3EB5-B016-13E9275C4287}.MinSizeRel|x64.ActiveCfg = MinSizeRel|x64
		{7E1E288C-8456-3EB5-B016-13E9275C4287}.MinSizeRel|x64.Build.0 = MinSizeRel|x64
		{7E1E288C-8456-3EB5-B016-13E9275C4287}.RelWithDebInfo|x64.ActiveCfg = RelWithDebInfo|x64
		{7E1E288C-8456-3EB5-B016-13E9275C4287}.RelWithDebInfo|x64.Build.0 = RelWithDebInfo|x64
		{EBEA7DA5-4A71-3F62-AABB-D16409BAE479}.Debug|x64.ActiveCfg = Debug|x64
		{EBEA7DA5-4A71-3F62-AABB-D16409BAE479}.Debug|x64.Build.0 = Debug|x64
		{EBEA7DA5-4A71-3F62-AABB-D16409BAE479}.Release|x64.ActiveCfg = Release|x64
		{EBEA7DA5-4A71-3F62-AABB-D16409BAE479}.Release|x64.Build.0 = Release|x64
		{EBEA7DA5-4A71-3F62-AABB-D16409BAE479}.MinSizeRel|x64.ActiveCfg = MinSizeRel|x64
		{EBEA7DA5-4A71-3F62-AABB-D16409BAE479}.MinSizeRel|x64.Build.0 = MinSizeRel|x64
		{EBEA7DA5-4A71-3F62-AABB-D16409BAE479}.RelWithDebInfo|x64.ActiveCfg = RelWithDebInfo|x64
		{EBEA7DA5-4A71-3F62-AABB-D16409BAE479}.RelWithDebInfo|x64.Build.0 = RelWithDebInfo|x64
		{9E07009F-C2F0-3144-BD5C-B6EB50F91A73}.Debug|x64.ActiveCfg = Debug|x64
		{9E07009F-C2F0-3144-BD5C-B6EB50F91A73}.Debug|x64.Build.0 = Debug|x64
		{9E07009F-C2F0-3144-BD5C-B6EB50F91A73}.Release|x64.ActiveCfg = Release|x64
		{9E07009F-C2F0-3144-BD5C-B6EB50F91A73}.Release|x64.Build.0 = Release|x64
		{9E07009F-C2F0-3144-BD5C-B6EB50F91A73}.MinSizeRel|x64.ActiveCfg = MinSizeRel|x64
		{9E07009F-C2F0-3144-BD5C-B6EB50F91A73}.MinSizeRel|x64.Build.0 = MinSizeRel|x64
		{9E07009F-C2F0-3144-BD5C-B6EB50F91A73}.RelWithDebInfo|x64.ActiveCfg = RelWithDebInfo|x64
		{9E07009F-C2F0-3144-BD5C-B6EB50F91A73}.RelWithDebInfo|x64.Build.0 = RelWithDebInfo|x64
		{5F6BFC45-86E6-315E-B058-BAF0DAFE7438}.Debug|x64.ActiveCfg = Debug|x64
		{5F6BFC45-86E6-315E-B058-BAF0DAFE7438}.Debug|x64.Build.0 = Debug|x64
		{5F6BFC45-86E6-315E-B058-BAF0DAFE7438}.Release|x64.ActiveCfg = Release|x64
		{5F6BFC45-86E6-315E-B058-BAF0DAFE7438}.Release|x64.Build.0 = Release|x64
		{5F6BFC45-86E6-315E-B058-BAF0DAFE7438}.MinSizeRel|x64.ActiveCfg = MinSizeRel|x64
		{5F6BFC45-86E6-315E-B058-BAF0DAFE7438}.MinSizeRel|x64.Build.0 = MinSizeRel|x64
		{5F6BFC45-86E6-315E-B058-BAF0DAFE7438}.RelWithDebInfo|x64.ActiveCfg = RelWithDebInfo|x64
		{5F6BFC45-86E6-315E-B058-BAF0DAFE7438}.RelWithDebInfo|x64.Build.0 = RelWithDebInfo|x64
		{CCB97306-FDA5-3CA3-AB28-196512669B68}.Debug|x64.ActiveCfg = Debug|x64
		{CCB97306-FDA5-3CA3-AB28-196512669B68}.Debug|x64.Build.0 = Debug|x64
		{CCB97306-FDA5-3CA3-AB28-196512669B68}.Release|x64.ActiveCfg = Release|x64
		{CCB97306-FDA5-3CA3-AB28-196512669B68}.Release|x64.Build.0 = Release|x64
		{CCB97306-FDA5-3CA3-AB28-196512669B68}.MinSizeRel|x64.ActiveCfg = MinSizeRel|x64
		{CCB97306-FDA5-3CA3-AB28-196512669B68}.MinSizeRel|x64.Build.0 = MinSizeRel|x64
		{CCB97306-FDA5-3CA3-AB28-196512669B68}.RelWithDebInfo|x64.ActiveCfg = RelWithDebInfo|x64
		{CCB97306-FDA5-3CA3-AB28-196512669B68}.RelWithDebInfo|x64.Build.0 = RelWithDebInfo|x64
		{48130DB3-E079-3C48-9F02-A6330144BC13}.Debug|x64.ActiveCfg = Debug|x64
		{48130DB3-E079-3C48-9F02-A6330144BC13}.Debug|x64.Build.0 = Debug|x64
		{48130DB3-E079-3C48-9F02-A6330144BC13}.Release|x64.ActiveCfg = Release|x64
		{48130DB3-E079-3C48-9F02-A6330144BC13}.Release|x64.Build.0 = Release|x64
		{48130DB3-E079-3C48-9F02-A6330144BC13}.MinSizeRel|x64.ActiveCfg = MinSizeRel|x64
		{48130DB3-E079-3C48-9F02-A6330144BC13}.MinSizeRel|x64.Build.0 = MinSizeRel|x64
		{48130DB3-E079-3C48-9F02-A6330144BC13}.RelWithDebInfo|x64.ActiveCfg = RelWithDebInfo|x64
		{48130DB3-E079-3C48-9F02-A6330144BC13}.RelWithDebInfo|x64.Build.0 = RelWithDebInfo|x64
		{B46079ED-8501-3A38-8616-F5936A02AF84}.Debug|x64.ActiveCfg = Debug|x64
		{B46079ED-8501-3A38-8616-F5936A02AF84}.Debug|x64.Build.0 = Debug|x64
		{B46079ED-8501-3A38-8616-F5936A02AF84}.Release|x64.ActiveCfg = Release|x64
		{B46079ED-8501-3A38-8616-F5936A02AF84}.Release|x64.Build.0 = Release|x64
		{B46079ED-8501-3A38-8616-F5936A02AF84}.MinSizeRel|x64.ActiveCfg = MinSizeRel|x64
		{B46079ED-8501-3A38-8616-F5936A02AF84}.MinSizeRel|x64.Build.0 = MinSizeRel|x64
		{B46079ED-8501-3A38-8616-F5936A02AF84}.RelWithDebInfo|x64.ActiveCfg = RelWithDebInfo|x64
		{B46079ED-8501-3A38-8616-F5936A02AF84}.RelWithDebInfo|x64.Build.0 = RelWithDebInfo|x64
		{47775FBD-4BBD-3D28-BF33-CFE7B9FA9B63}.Debug|x64.ActiveCfg = Debug|x64
		{47775FBD-4BBD-3D28-BF33-CFE7B9FA9B63}.Debug|x64.Build.0 = Debug|x64
		{47775FBD-4BBD-3D28-BF33-CFE7B9FA9B63}.Release|x64.ActiveCfg = Release|x64
		{47775FBD-4BBD-3D28-BF33-CFE7B9FA9B63}.Release|x64.Build.0 = Release|x64
		{47775FBD-4BBD-3D28-BF33-CFE7B9FA9B63}.MinSizeRel|x64.ActiveCfg = MinSizeRel|x64
		{47775FBD-4BBD-3D28-BF33-CFE7B9FA9B63}.MinSizeRel|x64.Build.0 = MinSizeRel|x64
		{47775FBD-4BBD-3D28-BF33-CFE7B9FA9B63}.RelWithDebInfo|x64.ActiveCfg = RelWithDebInfo|x64
		{47775FBD-4BBD-3D28-BF33-CFE7B9FA9B63}.RelWithDebInfo|x64.Build.0 = RelWithDebInfo|x64
		{D31FDC00-D694-321C-BC70-3C159D35590A}.Debug|x64.ActiveCfg = Debug|x64
		{D31FDC00-D694-321C-BC70-3C159D35590A}.Debug|x64.Build.0 = Debug|x64
		{D31FDC00-D694-321C-BC70-3C159D35590A}.Release|x64.ActiveCfg = Release|x64
		{D31FDC00-D694-321C-BC70-3C159D35590A}.Release|x64.Build.0 = Release|x64
		{D31FDC00-D694-321C-BC70-3C159D35590A}.MinSizeRel|x64.ActiveCfg = MinSizeRel|x64
		{D31FDC00-D694-321C-BC70-3C159D35590A}.MinSizeRel|x64.Build.0 = MinSizeRel|x64
		{D31FDC00-D694-321C-BC70-3C159D35590A}.RelWithDebInfo|x64.ActiveCfg = RelWithDebInfo|x64
		{D31FDC00-D694-321C-BC70-3C159D35590A}.RelWithDebInfo|x64.Build.0 = RelWithDebInfo|x64
		{206D1122-AB3F-352E-8408-52D594BE396F}.Debug|x64.ActiveCfg = Debug|x64
		{206D1122-AB3F-352E-8408-52D594BE396F}.Debug|x64.Build.0 = Debug|x64
		{206D1122-AB3F-352E-8408-52D594BE396F}.Release|x64.ActiveCfg = Release|x64
		{206D1122-AB3F-352E-8408-52D594BE396F}.Release|x64.Build.0 = Release|x64
		{206D1122-AB3F-352E-8408-52D594BE396F}.MinSizeRel|x64.ActiveCfg = MinSizeRel|x64
		{206D1122-AB3F-352E-8408-52D594BE396F}.MinSizeRel|x64.Build.0 = MinSizeRel|x64
		{206D1122-AB3F-352E-8408-52D594BE396F}.RelWithDebInfo|x64.ActiveCfg = RelWithDebInfo|x64
		{206D1122-AB3F-352E-8408-52D594BE396F}.RelWithDebInfo|x64.Build.0 = RelWithDebInfo|x64
	EndGlobalSection
	GlobalSection(ExtensibilityGlobals) = postSolution
		SolutionGuid = {DAF34DA7-BE9A-392F-A0F6-FE1708E91F61}
	EndGlobalSection
	GlobalSection(ExtensibilityAddIns) = postSolution
	EndGlobalSection
EndGlobal
